// !$*UTF8*$!
{
	archiveVersion = 1;
	classes = {
	};
	objectVersion = 48;
	objects = {

/* Begin PBXBuildFile section */
		3F501DDBEF9343EBF2C73E2A /* Pods_Propellers.framework in Frameworks */ = {isa = PBXBuildFile; fileRef = F1DC02139854B5FAD3D2CBD3 /* Pods_Propellers.framework */; };
		4019CEA61FA1BDAB00B738B4 /* AppDelegate.swift in Sources */ = {isa = PBXBuildFile; fileRef = 4019CEA51FA1BDAB00B738B4 /* AppDelegate.swift */; };
		4019CEA81FA1BDAB00B738B4 /* ViewController.swift in Sources */ = {isa = PBXBuildFile; fileRef = 4019CEA71FA1BDAB00B738B4 /* ViewController.swift */; };
		4019CEAB1FA1BDAB00B738B4 /* Main.storyboard in Resources */ = {isa = PBXBuildFile; fileRef = 4019CEA91FA1BDAB00B738B4 /* Main.storyboard */; };
		4019CEAD1FA1BDAB00B738B4 /* Assets.xcassets in Resources */ = {isa = PBXBuildFile; fileRef = 4019CEAC1FA1BDAB00B738B4 /* Assets.xcassets */; };
		4019CEB01FA1BDAB00B738B4 /* LaunchScreen.storyboard in Resources */ = {isa = PBXBuildFile; fileRef = 4019CEAE1FA1BDAB00B738B4 /* LaunchScreen.storyboard */; };
		4019CEBB1FA1BDAB00B738B4 /* PropellersTests.swift in Sources */ = {isa = PBXBuildFile; fileRef = 4019CEBA1FA1BDAB00B738B4 /* PropellersTests.swift */; };
		4019CEC61FA1BDAB00B738B4 /* PropellersUITests.swift in Sources */ = {isa = PBXBuildFile; fileRef = 4019CEC51FA1BDAB00B738B4 /* PropellersUITests.swift */; };
		4019CED91FA1BE4200B738B4 /* MessengerViewController.swift in Sources */ = {isa = PBXBuildFile; fileRef = 4019CED81FA1BE4200B738B4 /* MessengerViewController.swift */; };
		4019CEE91FA1BEA600B738B4 /* Chat.storyboard in Resources */ = {isa = PBXBuildFile; fileRef = 4019CEE41FA1BEA500B738B4 /* Chat.storyboard */; };
		4019CEEA1FA1BEA600B738B4 /* Friends.storyboard in Resources */ = {isa = PBXBuildFile; fileRef = 4019CEE51FA1BEA600B738B4 /* Friends.storyboard */; };
		4019CEEB1FA1BEA600B738B4 /* Search.storyboard in Resources */ = {isa = PBXBuildFile; fileRef = 4019CEE61FA1BEA600B738B4 /* Search.storyboard */; };
		4019CEEC1FA1BEA600B738B4 /* Settings.storyboard in Resources */ = {isa = PBXBuildFile; fileRef = 4019CEE71FA1BEA600B738B4 /* Settings.storyboard */; };
		4019CEED1FA1BEA600B738B4 /* Logs.storyboard in Resources */ = {isa = PBXBuildFile; fileRef = 4019CEE81FA1BEA600B738B4 /* Logs.storyboard */; };
		4019CEF01FA1BF1200B738B4 /* Date+milliseconds.swift in Sources */ = {isa = PBXBuildFile; fileRef = 4019CEEF1FA1BF1200B738B4 /* Date+milliseconds.swift */; };
		6B41851FBAB7374DC0654D1F /* Pods_PropellersTests.framework in Frameworks */ = {isa = PBXBuildFile; fileRef = 7B387BBFAC22AE2309B1CC22 /* Pods_PropellersTests.framework */; };
		B0098B2BC96A905B4A81B943 /* Pods_PropellersUITests.framework in Frameworks */ = {isa = PBXBuildFile; fileRef = 783E1CC98B45396CFAFB374C /* Pods_PropellersUITests.framework */; };
/* End PBXBuildFile section */

/* Begin PBXContainerItemProxy section */
		4019CEB71FA1BDAB00B738B4 /* PBXContainerItemProxy */ = {
			isa = PBXContainerItemProxy;
			containerPortal = 4019CE9A1FA1BDAB00B738B4 /* Project object */;
			proxyType = 1;
			remoteGlobalIDString = 4019CEA11FA1BDAB00B738B4;
			remoteInfo = Propellers;
		};
		4019CEC21FA1BDAB00B738B4 /* PBXContainerItemProxy */ = {
			isa = PBXContainerItemProxy;
			containerPortal = 4019CE9A1FA1BDAB00B738B4 /* Project object */;
			proxyType = 1;
			remoteGlobalIDString = 4019CEA11FA1BDAB00B738B4;
			remoteInfo = Propellers;
		};
/* End PBXContainerItemProxy section */

/* Begin PBXFileReference section */
		2C38738F7DFEE7C95D0F2D49 /* Pods-PropellersTests.release.xcconfig */ = {isa = PBXFileReference; includeInIndex = 1; lastKnownFileType = text.xcconfig; name = "Pods-PropellersTests.release.xcconfig"; path = "Pods/Target Support Files/Pods-PropellersTests/Pods-PropellersTests.release.xcconfig"; sourceTree = "<group>"; };
		2E8CABF75A3B59255EA4CA07 /* Pods-Propellers.release.xcconfig */ = {isa = PBXFileReference; includeInIndex = 1; lastKnownFileType = text.xcconfig; name = "Pods-Propellers.release.xcconfig"; path = "Pods/Target Support Files/Pods-Propellers/Pods-Propellers.release.xcconfig"; sourceTree = "<group>"; };
		4019CEA21FA1BDAB00B738B4 /* Propellers.app */ = {isa = PBXFileReference; explicitFileType = wrapper.application; includeInIndex = 0; path = Propellers.app; sourceTree = BUILT_PRODUCTS_DIR; };
		4019CEA51FA1BDAB00B738B4 /* AppDelegate.swift */ = {isa = PBXFileReference; lastKnownFileType = sourcecode.swift; path = AppDelegate.swift; sourceTree = "<group>"; };
		4019CEA71FA1BDAB00B738B4 /* ViewController.swift */ = {isa = PBXFileReference; lastKnownFileType = sourcecode.swift; path = ViewController.swift; sourceTree = "<group>"; };
		4019CEAA1FA1BDAB00B738B4 /* Base */ = {isa = PBXFileReference; lastKnownFileType = file.storyboard; name = Base; path = Base.lproj/Main.storyboard; sourceTree = "<group>"; };
		4019CEAC1FA1BDAB00B738B4 /* Assets.xcassets */ = {isa = PBXFileReference; lastKnownFileType = folder.assetcatalog; path = Assets.xcassets; sourceTree = "<group>"; };
		4019CEAF1FA1BDAB00B738B4 /* Base */ = {isa = PBXFileReference; lastKnownFileType = file.storyboard; name = Base; path = Base.lproj/LaunchScreen.storyboard; sourceTree = "<group>"; };
		4019CEB11FA1BDAB00B738B4 /* Info.plist */ = {isa = PBXFileReference; lastKnownFileType = text.plist.xml; path = Info.plist; sourceTree = "<group>"; };
		4019CEB61FA1BDAB00B738B4 /* PropellersTests.xctest */ = {isa = PBXFileReference; explicitFileType = wrapper.cfbundle; includeInIndex = 0; path = PropellersTests.xctest; sourceTree = BUILT_PRODUCTS_DIR; };
		4019CEBA1FA1BDAB00B738B4 /* PropellersTests.swift */ = {isa = PBXFileReference; lastKnownFileType = sourcecode.swift; path = PropellersTests.swift; sourceTree = "<group>"; };
		4019CEBC1FA1BDAB00B738B4 /* Info.plist */ = {isa = PBXFileReference; lastKnownFileType = text.plist.xml; path = Info.plist; sourceTree = "<group>"; };
		4019CEC11FA1BDAB00B738B4 /* PropellersUITests.xctest */ = {isa = PBXFileReference; explicitFileType = wrapper.cfbundle; includeInIndex = 0; path = PropellersUITests.xctest; sourceTree = BUILT_PRODUCTS_DIR; };
		4019CEC51FA1BDAB00B738B4 /* PropellersUITests.swift */ = {isa = PBXFileReference; lastKnownFileType = sourcecode.swift; path = PropellersUITests.swift; sourceTree = "<group>"; };
		4019CEC71FA1BDAB00B738B4 /* Info.plist */ = {isa = PBXFileReference; lastKnownFileType = text.plist.xml; path = Info.plist; sourceTree = "<group>"; };
		4019CED81FA1BE4200B738B4 /* MessengerViewController.swift */ = {isa = PBXFileReference; lastKnownFileType = sourcecode.swift; path = MessengerViewController.swift; sourceTree = "<group>"; };
		4019CEE41FA1BEA500B738B4 /* Chat.storyboard */ = {isa = PBXFileReference; fileEncoding = 4; lastKnownFileType = file.storyboard; path = Chat.storyboard; sourceTree = "<group>"; };
		4019CEE51FA1BEA600B738B4 /* Friends.storyboard */ = {isa = PBXFileReference; fileEncoding = 4; lastKnownFileType = file.storyboard; path = Friends.storyboard; sourceTree = "<group>"; };
		4019CEE61FA1BEA600B738B4 /* Search.storyboard */ = {isa = PBXFileReference; fileEncoding = 4; lastKnownFileType = file.storyboard; path = Search.storyboard; sourceTree = "<group>"; };
		4019CEE71FA1BEA600B738B4 /* Settings.storyboard */ = {isa = PBXFileReference; fileEncoding = 4; lastKnownFileType = file.storyboard; path = Settings.storyboard; sourceTree = "<group>"; };
		4019CEE81FA1BEA600B738B4 /* Logs.storyboard */ = {isa = PBXFileReference; fileEncoding = 4; lastKnownFileType = file.storyboard; path = Logs.storyboard; sourceTree = "<group>"; };
		4019CEEF1FA1BF1200B738B4 /* Date+milliseconds.swift */ = {isa = PBXFileReference; fileEncoding = 4; lastKnownFileType = sourcecode.swift; path = "Date+milliseconds.swift"; sourceTree = "<group>"; };
		7703AA096D6ED47B499A1D49 /* Pods-PropellersUITests.debug.xcconfig */ = {isa = PBXFileReference; includeInIndex = 1; lastKnownFileType = text.xcconfig; name = "Pods-PropellersUITests.debug.xcconfig"; path = "Pods/Target Support Files/Pods-PropellersUITests/Pods-PropellersUITests.debug.xcconfig"; sourceTree = "<group>"; };
		783E1CC98B45396CFAFB374C /* Pods_PropellersUITests.framework */ = {isa = PBXFileReference; explicitFileType = wrapper.framework; includeInIndex = 0; path = Pods_PropellersUITests.framework; sourceTree = BUILT_PRODUCTS_DIR; };
		7B387BBFAC22AE2309B1CC22 /* Pods_PropellersTests.framework */ = {isa = PBXFileReference; explicitFileType = wrapper.framework; includeInIndex = 0; path = Pods_PropellersTests.framework; sourceTree = BUILT_PRODUCTS_DIR; };
		88C68C98524430A616B6248F /* Pods-PropellersTests.debug.xcconfig */ = {isa = PBXFileReference; includeInIndex = 1; lastKnownFileType = text.xcconfig; name = "Pods-PropellersTests.debug.xcconfig"; path = "Pods/Target Support Files/Pods-PropellersTests/Pods-PropellersTests.debug.xcconfig"; sourceTree = "<group>"; };
		C78E1D07B92AD600F968CCFB /* Pods-PropellersUITests.release.xcconfig */ = {isa = PBXFileReference; includeInIndex = 1; lastKnownFileType = text.xcconfig; name = "Pods-PropellersUITests.release.xcconfig"; path = "Pods/Target Support Files/Pods-PropellersUITests/Pods-PropellersUITests.release.xcconfig"; sourceTree = "<group>"; };
		ED7BA3D923CA3329229B684E /* Pods-Propellers.debug.xcconfig */ = {isa = PBXFileReference; includeInIndex = 1; lastKnownFileType = text.xcconfig; name = "Pods-Propellers.debug.xcconfig"; path = "Pods/Target Support Files/Pods-Propellers/Pods-Propellers.debug.xcconfig"; sourceTree = "<group>"; };
		F1DC02139854B5FAD3D2CBD3 /* Pods_Propellers.framework */ = {isa = PBXFileReference; explicitFileType = wrapper.framework; includeInIndex = 0; path = Pods_Propellers.framework; sourceTree = BUILT_PRODUCTS_DIR; };
/* End PBXFileReference section */

/* Begin PBXFrameworksBuildPhase section */
		4019CE9F1FA1BDAB00B738B4 /* Frameworks */ = {
			isa = PBXFrameworksBuildPhase;
			buildActionMask = 2147483647;
			files = (
				3F501DDBEF9343EBF2C73E2A /* Pods_Propellers.framework in Frameworks */,
			);
			runOnlyForDeploymentPostprocessing = 0;
		};
		4019CEB31FA1BDAB00B738B4 /* Frameworks */ = {
			isa = PBXFrameworksBuildPhase;
			buildActionMask = 2147483647;
			files = (
				6B41851FBAB7374DC0654D1F /* Pods_PropellersTests.framework in Frameworks */,
			);
			runOnlyForDeploymentPostprocessing = 0;
		};
		4019CEBE1FA1BDAB00B738B4 /* Frameworks */ = {
			isa = PBXFrameworksBuildPhase;
			buildActionMask = 2147483647;
			files = (
				B0098B2BC96A905B4A81B943 /* Pods_PropellersUITests.framework in Frameworks */,
			);
			runOnlyForDeploymentPostprocessing = 0;
		};
/* End PBXFrameworksBuildPhase section */

/* Begin PBXGroup section */
		4019CE991FA1BDAB00B738B4 = {
			isa = PBXGroup;
			children = (
				4019CEA41FA1BDAB00B738B4 /* Propellers */,
				4019CEB91FA1BDAB00B738B4 /* PropellersTests */,
				4019CEC41FA1BDAB00B738B4 /* PropellersUITests */,
				4019CEA31FA1BDAB00B738B4 /* Products */,
				85B7751DC1CD28CEE7D4206D /* Pods */,
				5BE295F4D881B7A44BA47809 /* Frameworks */,
			);
			sourceTree = "<group>";
		};
		4019CEA31FA1BDAB00B738B4 /* Products */ = {
			isa = PBXGroup;
			children = (
				4019CEA21FA1BDAB00B738B4 /* Propellers.app */,
				4019CEB61FA1BDAB00B738B4 /* PropellersTests.xctest */,
				4019CEC11FA1BDAB00B738B4 /* PropellersUITests.xctest */,
			);
			name = Products;
			sourceTree = "<group>";
		};
		4019CEA41FA1BDAB00B738B4 /* Propellers */ = {
			isa = PBXGroup;
			children = (
				4019CED61FA1BDDE00B738B4 /* Models */,
				4019CED51FA1BDDD00B738B4 /* Views */,
				4019CED41FA1BDDB00B738B4 /* Controllers */,
				4019CED31FA1BDDA00B738B4 /* Supporting Files */,
				4019CED71FA1BE0C00B738B4 /* UI */,
			);
			path = Propellers;
			sourceTree = "<group>";
		};
		4019CEB91FA1BDAB00B738B4 /* PropellersTests */ = {
			isa = PBXGroup;
			children = (
				4019CEBA1FA1BDAB00B738B4 /* PropellersTests.swift */,
				4019CEBC1FA1BDAB00B738B4 /* Info.plist */,
			);
			path = PropellersTests;
			sourceTree = "<group>";
		};
		4019CEC41FA1BDAB00B738B4 /* PropellersUITests */ = {
			isa = PBXGroup;
			children = (
				4019CEC51FA1BDAB00B738B4 /* PropellersUITests.swift */,
				4019CEC71FA1BDAB00B738B4 /* Info.plist */,
			);
			path = PropellersUITests;
			sourceTree = "<group>";
		};
		4019CED31FA1BDDA00B738B4 /* Supporting Files */ = {
			isa = PBXGroup;
			children = (
				4019CEEE1FA1BF1200B738B4 /* Extensions */,
				4019CEB11FA1BDAB00B738B4 /* Info.plist */,
				4019CEA51FA1BDAB00B738B4 /* AppDelegate.swift */,
			);
			path = "Supporting Files";
			sourceTree = "<group>";
		};
		4019CED41FA1BDDB00B738B4 /* Controllers */ = {
			isa = PBXGroup;
			children = (
				4019CEA71FA1BDAB00B738B4 /* ViewController.swift */,
				4019CED81FA1BE4200B738B4 /* MessengerViewController.swift */,
			);
			path = Controllers;
			sourceTree = "<group>";
		};
		4019CED51FA1BDDD00B738B4 /* Views */ = {
			isa = PBXGroup;
			children = (
			);
			path = Views;
			sourceTree = "<group>";
		};
		4019CED61FA1BDDE00B738B4 /* Models */ = {
			isa = PBXGroup;
			children = (
			);
			path = Models;
			sourceTree = "<group>";
		};
		4019CED71FA1BE0C00B738B4 /* UI */ = {
			isa = PBXGroup;
			children = (
				4019CEAC1FA1BDAB00B738B4 /* Assets.xcassets */,
				4019CEA91FA1BDAB00B738B4 /* Main.storyboard */,
				4019CEAE1FA1BDAB00B738B4 /* LaunchScreen.storyboard */,
				4019CEE41FA1BEA500B738B4 /* Chat.storyboard */,
				4019CEE51FA1BEA600B738B4 /* Friends.storyboard */,
				4019CEE81FA1BEA600B738B4 /* Logs.storyboard */,
				4019CEE61FA1BEA600B738B4 /* Search.storyboard */,
				4019CEE71FA1BEA600B738B4 /* Settings.storyboard */,
			);
			path = UI;
			sourceTree = "<group>";
		};
		4019CEEE1FA1BF1200B738B4 /* Extensions */ = {
			isa = PBXGroup;
			children = (
				4019CEEF1FA1BF1200B738B4 /* Date+milliseconds.swift */,
			);
			path = Extensions;
			sourceTree = "<group>";
		};
		5BE295F4D881B7A44BA47809 /* Frameworks */ = {
			isa = PBXGroup;
			children = (
				F1DC02139854B5FAD3D2CBD3 /* Pods_Propellers.framework */,
				7B387BBFAC22AE2309B1CC22 /* Pods_PropellersTests.framework */,
				783E1CC98B45396CFAFB374C /* Pods_PropellersUITests.framework */,
			);
			name = Frameworks;
			sourceTree = "<group>";
		};
		85B7751DC1CD28CEE7D4206D /* Pods */ = {
			isa = PBXGroup;
			children = (
				ED7BA3D923CA3329229B684E /* Pods-Propellers.debug.xcconfig */,
				2E8CABF75A3B59255EA4CA07 /* Pods-Propellers.release.xcconfig */,
				88C68C98524430A616B6248F /* Pods-PropellersTests.debug.xcconfig */,
				2C38738F7DFEE7C95D0F2D49 /* Pods-PropellersTests.release.xcconfig */,
				7703AA096D6ED47B499A1D49 /* Pods-PropellersUITests.debug.xcconfig */,
				C78E1D07B92AD600F968CCFB /* Pods-PropellersUITests.release.xcconfig */,
			);
			name = Pods;
			sourceTree = "<group>";
		};
/* End PBXGroup section */

/* Begin PBXNativeTarget section */
		4019CEA11FA1BDAB00B738B4 /* Propellers */ = {
			isa = PBXNativeTarget;
			buildConfigurationList = 4019CECA1FA1BDAB00B738B4 /* Build configuration list for PBXNativeTarget "Propellers" */;
			buildPhases = (
				3CE7DA704AE0A4986D8C0592 /* [CP] Check Pods Manifest.lock */,
				4019CE9E1FA1BDAB00B738B4 /* Sources */,
				4019CE9F1FA1BDAB00B738B4 /* Frameworks */,
				4019CEA01FA1BDAB00B738B4 /* Resources */,
				033A24C9AE824BF9440147B3 /* [CP] Embed Pods Frameworks */,
				BC77A51B783F2A1EF90A6325 /* [CP] Copy Pods Resources */,
			);
			buildRules = (
			);
			dependencies = (
			);
			name = Propellers;
			productName = Propellers;
			productReference = 4019CEA21FA1BDAB00B738B4 /* Propellers.app */;
			productType = "com.apple.product-type.application";
		};
		4019CEB51FA1BDAB00B738B4 /* PropellersTests */ = {
			isa = PBXNativeTarget;
			buildConfigurationList = 4019CECD1FA1BDAB00B738B4 /* Build configuration list for PBXNativeTarget "PropellersTests" */;
			buildPhases = (
				91319E51E0A095324F3BDB06 /* [CP] Check Pods Manifest.lock */,
				4019CEB21FA1BDAB00B738B4 /* Sources */,
				4019CEB31FA1BDAB00B738B4 /* Frameworks */,
				4019CEB41FA1BDAB00B738B4 /* Resources */,
				FE5BCD750EF7306E290EAFAA /* [CP] Embed Pods Frameworks */,
				F1D77D2098444C2FE51A8AA1 /* [CP] Copy Pods Resources */,
			);
			buildRules = (
			);
			dependencies = (
				4019CEB81FA1BDAB00B738B4 /* PBXTargetDependency */,
			);
			name = PropellersTests;
			productName = PropellersTests;
			productReference = 4019CEB61FA1BDAB00B738B4 /* PropellersTests.xctest */;
			productType = "com.apple.product-type.bundle.unit-test";
		};
		4019CEC01FA1BDAB00B738B4 /* PropellersUITests */ = {
			isa = PBXNativeTarget;
			buildConfigurationList = 4019CED01FA1BDAB00B738B4 /* Build configuration list for PBXNativeTarget "PropellersUITests" */;
			buildPhases = (
				667DD9EAC041037571B7EA36 /* [CP] Check Pods Manifest.lock */,
				4019CEBD1FA1BDAB00B738B4 /* Sources */,
				4019CEBE1FA1BDAB00B738B4 /* Frameworks */,
				4019CEBF1FA1BDAB00B738B4 /* Resources */,
				C54F2A74A4E46947D79E9DA3 /* [CP] Embed Pods Frameworks */,
				C30EDE66ECB3A5C8A5CA7D9F /* [CP] Copy Pods Resources */,
			);
			buildRules = (
			);
			dependencies = (
				4019CEC31FA1BDAB00B738B4 /* PBXTargetDependency */,
			);
			name = PropellersUITests;
			productName = PropellersUITests;
			productReference = 4019CEC11FA1BDAB00B738B4 /* PropellersUITests.xctest */;
			productType = "com.apple.product-type.bundle.ui-testing";
		};
/* End PBXNativeTarget section */

/* Begin PBXProject section */
		4019CE9A1FA1BDAB00B738B4 /* Project object */ = {
			isa = PBXProject;
			attributes = {
				LastSwiftUpdateCheck = 0900;
				LastUpgradeCheck = 0900;
				ORGANIZATIONNAME = "Jeff Eom";
				TargetAttributes = {
					4019CEA11FA1BDAB00B738B4 = {
						CreatedOnToolsVersion = 9.0.1;
						ProvisioningStyle = Automatic;
					};
					4019CEB51FA1BDAB00B738B4 = {
						CreatedOnToolsVersion = 9.0.1;
						ProvisioningStyle = Automatic;
						TestTargetID = 4019CEA11FA1BDAB00B738B4;
					};
					4019CEC01FA1BDAB00B738B4 = {
						CreatedOnToolsVersion = 9.0.1;
						ProvisioningStyle = Automatic;
						TestTargetID = 4019CEA11FA1BDAB00B738B4;
					};
				};
			};
			buildConfigurationList = 4019CE9D1FA1BDAB00B738B4 /* Build configuration list for PBXProject "Propellers" */;
			compatibilityVersion = "Xcode 8.0";
			developmentRegion = en;
			hasScannedForEncodings = 0;
			knownRegions = (
				en,
				Base,
			);
			mainGroup = 4019CE991FA1BDAB00B738B4;
			productRefGroup = 4019CEA31FA1BDAB00B738B4 /* Products */;
			projectDirPath = "";
			projectRoot = "";
			targets = (
				4019CEA11FA1BDAB00B738B4 /* Propellers */,
				4019CEB51FA1BDAB00B738B4 /* PropellersTests */,
				4019CEC01FA1BDAB00B738B4 /* PropellersUITests */,
			);
		};
/* End PBXProject section */

/* Begin PBXResourcesBuildPhase section */
		4019CEA01FA1BDAB00B738B4 /* Resources */ = {
			isa = PBXResourcesBuildPhase;
			buildActionMask = 2147483647;
			files = (
				4019CEB01FA1BDAB00B738B4 /* LaunchScreen.storyboard in Resources */,
				4019CEEA1FA1BEA600B738B4 /* Friends.storyboard in Resources */,
				4019CEAD1FA1BDAB00B738B4 /* Assets.xcassets in Resources */,
				4019CEED1FA1BEA600B738B4 /* Logs.storyboard in Resources */,
				4019CEE91FA1BEA600B738B4 /* Chat.storyboard in Resources */,
				4019CEEB1FA1BEA600B738B4 /* Search.storyboard in Resources */,
				4019CEAB1FA1BDAB00B738B4 /* Main.storyboard in Resources */,
				4019CEEC1FA1BEA600B738B4 /* Settings.storyboard in Resources */,
			);
			runOnlyForDeploymentPostprocessing = 0;
		};
		4019CEB41FA1BDAB00B738B4 /* Resources */ = {
			isa = PBXResourcesBuildPhase;
			buildActionMask = 2147483647;
			files = (
			);
			runOnlyForDeploymentPostprocessing = 0;
		};
		4019CEBF1FA1BDAB00B738B4 /* Resources */ = {
			isa = PBXResourcesBuildPhase;
			buildActionMask = 2147483647;
			files = (
			);
			runOnlyForDeploymentPostprocessing = 0;
		};
/* End PBXResourcesBuildPhase section */

/* Begin PBXShellScriptBuildPhase section */
		033A24C9AE824BF9440147B3 /* [CP] Embed Pods Frameworks */ = {
			isa = PBXShellScriptBuildPhase;
			buildActionMask = 2147483647;
			files = (
			);
			inputPaths = (
			);
			name = "[CP] Embed Pods Frameworks";
			outputPaths = (
			);
			runOnlyForDeploymentPostprocessing = 0;
			shellPath = /bin/sh;
			shellScript = "\"${SRCROOT}/Pods/Target Support Files/Pods-Propellers/Pods-Propellers-frameworks.sh\"\n";
			showEnvVarsInLog = 0;
		};
		3CE7DA704AE0A4986D8C0592 /* [CP] Check Pods Manifest.lock */ = {
			isa = PBXShellScriptBuildPhase;
			buildActionMask = 2147483647;
			files = (
			);
			inputPaths = (
			);
			name = "[CP] Check Pods Manifest.lock";
			outputPaths = (
			);
			runOnlyForDeploymentPostprocessing = 0;
			shellPath = /bin/sh;
			shellScript = "diff \"${PODS_ROOT}/../Podfile.lock\" \"${PODS_ROOT}/Manifest.lock\" > /dev/null\nif [ $? != 0 ] ; then\n    # print error to STDERR\n    echo \"error: The sandbox is not in sync with the Podfile.lock. Run 'pod install' or update your CocoaPods installation.\" >&2\n    exit 1\nfi\n";
			showEnvVarsInLog = 0;
		};
		667DD9EAC041037571B7EA36 /* [CP] Check Pods Manifest.lock */ = {
			isa = PBXShellScriptBuildPhase;
			buildActionMask = 2147483647;
			files = (
			);
			inputPaths = (
			);
			name = "[CP] Check Pods Manifest.lock";
			outputPaths = (
			);
			runOnlyForDeploymentPostprocessing = 0;
			shellPath = /bin/sh;
			shellScript = "diff \"${PODS_ROOT}/../Podfile.lock\" \"${PODS_ROOT}/Manifest.lock\" > /dev/null\nif [ $? != 0 ] ; then\n    # print error to STDERR\n    echo \"error: The sandbox is not in sync with the Podfile.lock. Run 'pod install' or update your CocoaPods installation.\" >&2\n    exit 1\nfi\n";
			showEnvVarsInLog = 0;
		};
		91319E51E0A095324F3BDB06 /* [CP] Check Pods Manifest.lock */ = {
			isa = PBXShellScriptBuildPhase;
			buildActionMask = 2147483647;
			files = (
			);
			inputPaths = (
			);
			name = "[CP] Check Pods Manifest.lock";
			outputPaths = (
			);
			runOnlyForDeploymentPostprocessing = 0;
			shellPath = /bin/sh;
			shellScript = "diff \"${PODS_ROOT}/../Podfile.lock\" \"${PODS_ROOT}/Manifest.lock\" > /dev/null\nif [ $? != 0 ] ; then\n    # print error to STDERR\n    echo \"error: The sandbox is not in sync with the Podfile.lock. Run 'pod install' or update your CocoaPods installation.\" >&2\n    exit 1\nfi\n";
			showEnvVarsInLog = 0;
		};
		BC77A51B783F2A1EF90A6325 /* [CP] Copy Pods Resources */ = {
			isa = PBXShellScriptBuildPhase;
			buildActionMask = 2147483647;
			files = (
			);
			inputPaths = (
			);
			name = "[CP] Copy Pods Resources";
			outputPaths = (
			);
			runOnlyForDeploymentPostprocessing = 0;
			shellPath = /bin/sh;
			shellScript = "\"${SRCROOT}/Pods/Target Support Files/Pods-Propellers/Pods-Propellers-resources.sh\"\n";
			showEnvVarsInLog = 0;
		};
		C30EDE66ECB3A5C8A5CA7D9F /* [CP] Copy Pods Resources */ = {
			isa = PBXShellScriptBuildPhase;
			buildActionMask = 2147483647;
			files = (
			);
			inputPaths = (
			);
			name = "[CP] Copy Pods Resources";
			outputPaths = (
			);
			runOnlyForDeploymentPostprocessing = 0;
			shellPath = /bin/sh;
			shellScript = "\"${SRCROOT}/Pods/Target Support Files/Pods-PropellersUITests/Pods-PropellersUITests-resources.sh\"\n";
			showEnvVarsInLog = 0;
		};
		C54F2A74A4E46947D79E9DA3 /* [CP] Embed Pods Frameworks */ = {
			isa = PBXShellScriptBuildPhase;
			buildActionMask = 2147483647;
			files = (
			);
			inputPaths = (
			);
			name = "[CP] Embed Pods Frameworks";
			outputPaths = (
			);
			runOnlyForDeploymentPostprocessing = 0;
			shellPath = /bin/sh;
			shellScript = "\"${SRCROOT}/Pods/Target Support Files/Pods-PropellersUITests/Pods-PropellersUITests-frameworks.sh\"\n";
			showEnvVarsInLog = 0;
		};
		F1D77D2098444C2FE51A8AA1 /* [CP] Copy Pods Resources */ = {
			isa = PBXShellScriptBuildPhase;
			buildActionMask = 2147483647;
			files = (
			);
			inputPaths = (
			);
			name = "[CP] Copy Pods Resources";
			outputPaths = (
			);
			runOnlyForDeploymentPostprocessing = 0;
			shellPath = /bin/sh;
			shellScript = "\"${SRCROOT}/Pods/Target Support Files/Pods-PropellersTests/Pods-PropellersTests-resources.sh\"\n";
			showEnvVarsInLog = 0;
		};
		FE5BCD750EF7306E290EAFAA /* [CP] Embed Pods Frameworks */ = {
			isa = PBXShellScriptBuildPhase;
			buildActionMask = 2147483647;
			files = (
			);
			inputPaths = (
			);
			name = "[CP] Embed Pods Frameworks";
			outputPaths = (
			);
			runOnlyForDeploymentPostprocessing = 0;
			shellPath = /bin/sh;
			shellScript = "\"${SRCROOT}/Pods/Target Support Files/Pods-PropellersTests/Pods-PropellersTests-frameworks.sh\"\n";
			showEnvVarsInLog = 0;
		};
/* End PBXShellScriptBuildPhase section */

/* Begin PBXSourcesBuildPhase section */
		4019CE9E1FA1BDAB00B738B4 /* Sources */ = {
			isa = PBXSourcesBuildPhase;
			buildActionMask = 2147483647;
			files = (
				4019CED91FA1BE4200B738B4 /* MessengerViewController.swift in Sources */,
				4019CEF01FA1BF1200B738B4 /* Date+milliseconds.swift in Sources */,
				4019CEA81FA1BDAB00B738B4 /* ViewController.swift in Sources */,
				4019CEA61FA1BDAB00B738B4 /* AppDelegate.swift in Sources */,
			);
			runOnlyForDeploymentPostprocessing = 0;
		};
		4019CEB21FA1BDAB00B738B4 /* Sources */ = {
			isa = PBXSourcesBuildPhase;
			buildActionMask = 2147483647;
			files = (
				4019CEBB1FA1BDAB00B738B4 /* PropellersTests.swift in Sources */,
			);
			runOnlyForDeploymentPostprocessing = 0;
		};
		4019CEBD1FA1BDAB00B738B4 /* Sources */ = {
			isa = PBXSourcesBuildPhase;
			buildActionMask = 2147483647;
			files = (
				4019CEC61FA1BDAB00B738B4 /* PropellersUITests.swift in Sources */,
			);
			runOnlyForDeploymentPostprocessing = 0;
		};
/* End PBXSourcesBuildPhase section */

/* Begin PBXTargetDependency section */
		4019CEB81FA1BDAB00B738B4 /* PBXTargetDependency */ = {
			isa = PBXTargetDependency;
			target = 4019CEA11FA1BDAB00B738B4 /* Propellers */;
			targetProxy = 4019CEB71FA1BDAB00B738B4 /* PBXContainerItemProxy */;
		};
		4019CEC31FA1BDAB00B738B4 /* PBXTargetDependency */ = {
			isa = PBXTargetDependency;
			target = 4019CEA11FA1BDAB00B738B4 /* Propellers */;
			targetProxy = 4019CEC21FA1BDAB00B738B4 /* PBXContainerItemProxy */;
		};
/* End PBXTargetDependency section */

/* Begin PBXVariantGroup section */
		4019CEA91FA1BDAB00B738B4 /* Main.storyboard */ = {
			isa = PBXVariantGroup;
			children = (
				4019CEAA1FA1BDAB00B738B4 /* Base */,
			);
			name = Main.storyboard;
			sourceTree = "<group>";
		};
		4019CEAE1FA1BDAB00B738B4 /* LaunchScreen.storyboard */ = {
			isa = PBXVariantGroup;
			children = (
				4019CEAF1FA1BDAB00B738B4 /* Base */,
			);
			name = LaunchScreen.storyboard;
			sourceTree = "<group>";
		};
/* End PBXVariantGroup section */

/* Begin XCBuildConfiguration section */
		4019CEC81FA1BDAB00B738B4 /* Debug */ = {
			isa = XCBuildConfiguration;
			buildSettings = {
				ALWAYS_SEARCH_USER_PATHS = NO;
				CLANG_ANALYZER_NONNULL = YES;
				CLANG_ANALYZER_NUMBER_OBJECT_CONVERSION = YES_AGGRESSIVE;
				CLANG_CXX_LANGUAGE_STANDARD = "gnu++14";
				CLANG_CXX_LIBRARY = "libc++";
				CLANG_ENABLE_MODULES = YES;
				CLANG_ENABLE_OBJC_ARC = YES;
				CLANG_WARN_BLOCK_CAPTURE_AUTORELEASING = YES;
				CLANG_WARN_BOOL_CONVERSION = YES;
				CLANG_WARN_COMMA = YES;
				CLANG_WARN_CONSTANT_CONVERSION = YES;
				CLANG_WARN_DIRECT_OBJC_ISA_USAGE = YES_ERROR;
				CLANG_WARN_DOCUMENTATION_COMMENTS = YES;
				CLANG_WARN_EMPTY_BODY = YES;
				CLANG_WARN_ENUM_CONVERSION = YES;
				CLANG_WARN_INFINITE_RECURSION = YES;
				CLANG_WARN_INT_CONVERSION = YES;
				CLANG_WARN_NON_LITERAL_NULL_CONVERSION = YES;
				CLANG_WARN_OBJC_LITERAL_CONVERSION = YES;
				CLANG_WARN_OBJC_ROOT_CLASS = YES_ERROR;
				CLANG_WARN_RANGE_LOOP_ANALYSIS = YES;
				CLANG_WARN_STRICT_PROTOTYPES = YES;
				CLANG_WARN_SUSPICIOUS_MOVE = YES;
				CLANG_WARN_UNGUARDED_AVAILABILITY = YES_AGGRESSIVE;
				CLANG_WARN_UNREACHABLE_CODE = YES;
				CLANG_WARN__DUPLICATE_METHOD_MATCH = YES;
				CODE_SIGN_IDENTITY = "iPhone Developer";
				COPY_PHASE_STRIP = NO;
				DEBUG_INFORMATION_FORMAT = dwarf;
				ENABLE_STRICT_OBJC_MSGSEND = YES;
				ENABLE_TESTABILITY = YES;
				GCC_C_LANGUAGE_STANDARD = gnu11;
				GCC_DYNAMIC_NO_PIC = NO;
				GCC_NO_COMMON_BLOCKS = YES;
				GCC_OPTIMIZATION_LEVEL = 0;
				GCC_PREPROCESSOR_DEFINITIONS = (
					"DEBUG=1",
					"$(inherited)",
				);
				GCC_WARN_64_TO_32_BIT_CONVERSION = YES;
				GCC_WARN_ABOUT_RETURN_TYPE = YES_ERROR;
				GCC_WARN_UNDECLARED_SELECTOR = YES;
				GCC_WARN_UNINITIALIZED_AUTOS = YES_AGGRESSIVE;
				GCC_WARN_UNUSED_FUNCTION = YES;
				GCC_WARN_UNUSED_VARIABLE = YES;
				IPHONEOS_DEPLOYMENT_TARGET = 11.0;
				MTL_ENABLE_DEBUG_INFO = YES;
				ONLY_ACTIVE_ARCH = YES;
				SDKROOT = iphoneos;
				SWIFT_ACTIVE_COMPILATION_CONDITIONS = DEBUG;
				SWIFT_OPTIMIZATION_LEVEL = "-Onone";
			};
			name = Debug;
		};
		4019CEC91FA1BDAB00B738B4 /* Release */ = {
			isa = XCBuildConfiguration;
			buildSettings = {
				ALWAYS_SEARCH_USER_PATHS = NO;
				CLANG_ANALYZER_NONNULL = YES;
				CLANG_ANALYZER_NUMBER_OBJECT_CONVERSION = YES_AGGRESSIVE;
				CLANG_CXX_LANGUAGE_STANDARD = "gnu++14";
				CLANG_CXX_LIBRARY = "libc++";
				CLANG_ENABLE_MODULES = YES;
				CLANG_ENABLE_OBJC_ARC = YES;
				CLANG_WARN_BLOCK_CAPTURE_AUTORELEASING = YES;
				CLANG_WARN_BOOL_CONVERSION = YES;
				CLANG_WARN_COMMA = YES;
				CLANG_WARN_CONSTANT_CONVERSION = YES;
				CLANG_WARN_DIRECT_OBJC_ISA_USAGE = YES_ERROR;
				CLANG_WARN_DOCUMENTATION_COMMENTS = YES;
				CLANG_WARN_EMPTY_BODY = YES;
				CLANG_WARN_ENUM_CONVERSION = YES;
				CLANG_WARN_INFINITE_RECURSION = YES;
				CLANG_WARN_INT_CONVERSION = YES;
				CLANG_WARN_NON_LITERAL_NULL_CONVERSION = YES;
				CLANG_WARN_OBJC_LITERAL_CONVERSION = YES;
				CLANG_WARN_OBJC_ROOT_CLASS = YES_ERROR;
				CLANG_WARN_RANGE_LOOP_ANALYSIS = YES;
				CLANG_WARN_STRICT_PROTOTYPES = YES;
				CLANG_WARN_SUSPICIOUS_MOVE = YES;
				CLANG_WARN_UNGUARDED_AVAILABILITY = YES_AGGRESSIVE;
				CLANG_WARN_UNREACHABLE_CODE = YES;
				CLANG_WARN__DUPLICATE_METHOD_MATCH = YES;
				CODE_SIGN_IDENTITY = "iPhone Developer";
				COPY_PHASE_STRIP = NO;
				DEBUG_INFORMATION_FORMAT = "dwarf-with-dsym";
				ENABLE_NS_ASSERTIONS = NO;
				ENABLE_STRICT_OBJC_MSGSEND = YES;
				GCC_C_LANGUAGE_STANDARD = gnu11;
				GCC_NO_COMMON_BLOCKS = YES;
				GCC_WARN_64_TO_32_BIT_CONVERSION = YES;
				GCC_WARN_ABOUT_RETURN_TYPE = YES_ERROR;
				GCC_WARN_UNDECLARED_SELECTOR = YES;
				GCC_WARN_UNINITIALIZED_AUTOS = YES_AGGRESSIVE;
				GCC_WARN_UNUSED_FUNCTION = YES;
				GCC_WARN_UNUSED_VARIABLE = YES;
				IPHONEOS_DEPLOYMENT_TARGET = 11.0;
				MTL_ENABLE_DEBUG_INFO = NO;
				SDKROOT = iphoneos;
				SWIFT_OPTIMIZATION_LEVEL = "-Owholemodule";
				VALIDATE_PRODUCT = YES;
			};
			name = Release;
		};
		4019CECB1FA1BDAB00B738B4 /* Debug */ = {
			isa = XCBuildConfiguration;
			baseConfigurationReference = ED7BA3D923CA3329229B684E /* Pods-Propellers.debug.xcconfig */;
			buildSettings = {
				ASSETCATALOG_COMPILER_APPICON_NAME = AppIcon;
				CODE_SIGN_STYLE = Automatic;
				DEVELOPMENT_TEAM = U43R3UYB5A;
				INFOPLIST_FILE = "$(SRCROOT)/Propellers/Supporting Files/Info.plist";
				IPHONEOS_DEPLOYMENT_TARGET = 9.0;
				LD_RUNPATH_SEARCH_PATHS = "$(inherited) @executable_path/Frameworks";
				PRODUCT_BUNDLE_IDENTIFIER = com.jeffeom.Propellers;
				PRODUCT_NAME = "$(TARGET_NAME)";
				SWIFT_VERSION = 4.0;
				TARGETED_DEVICE_FAMILY = 1;
			};
			name = Debug;
		};
		4019CECC1FA1BDAB00B738B4 /* Release */ = {
			isa = XCBuildConfiguration;
			baseConfigurationReference = 2E8CABF75A3B59255EA4CA07 /* Pods-Propellers.release.xcconfig */;
			buildSettings = {
				ASSETCATALOG_COMPILER_APPICON_NAME = AppIcon;
				CODE_SIGN_STYLE = Automatic;
				DEVELOPMENT_TEAM = U43R3UYB5A;
				INFOPLIST_FILE = "$(SRCROOT)/Propellers/Supporting Files/Info.plist";
				IPHONEOS_DEPLOYMENT_TARGET = 9.0;
				LD_RUNPATH_SEARCH_PATHS = "$(inherited) @executable_path/Frameworks";
				PRODUCT_BUNDLE_IDENTIFIER = com.jeffeom.Propellers;
				PRODUCT_NAME = "$(TARGET_NAME)";
				SWIFT_VERSION = 4.0;
				TARGETED_DEVICE_FAMILY = 1;
			};
			name = Release;
		};
		4019CECE1FA1BDAB00B738B4 /* Debug */ = {
			isa = XCBuildConfiguration;
			baseConfigurationReference = 88C68C98524430A616B6248F /* Pods-PropellersTests.debug.xcconfig */;
			buildSettings = {
				ALWAYS_EMBED_SWIFT_STANDARD_LIBRARIES = YES;
				BUNDLE_LOADER = "$(TEST_HOST)";
				CODE_SIGN_STYLE = Automatic;
				DEVELOPMENT_TEAM = U43R3UYB5A;
				INFOPLIST_FILE = PropellersTests/Info.plist;
				LD_RUNPATH_SEARCH_PATHS = "$(inherited) @executable_path/Frameworks @loader_path/Frameworks";
				PRODUCT_BUNDLE_IDENTIFIER = com.jeffeom.PropellersTests;
				PRODUCT_NAME = "$(TARGET_NAME)";
				SWIFT_VERSION = 4.0;
				TARGETED_DEVICE_FAMILY = "1,2";
				TEST_HOST = "$(BUILT_PRODUCTS_DIR)/Propellers.app/Propellers";
			};
			name = Debug;
		};
		4019CECF1FA1BDAB00B738B4 /* Release */ = {
			isa = XCBuildConfiguration;
			baseConfigurationReference = 2C38738F7DFEE7C95D0F2D49 /* Pods-PropellersTests.release.xcconfig */;
			buildSettings = {
				ALWAYS_EMBED_SWIFT_STANDARD_LIBRARIES = YES;
				BUNDLE_LOADER = "$(TEST_HOST)";
				CODE_SIGN_STYLE = Automatic;
				DEVELOPMENT_TEAM = U43R3UYB5A;
				INFOPLIST_FILE = PropellersTests/Info.plist;
				LD_RUNPATH_SEARCH_PATHS = "$(inherited) @executable_path/Frameworks @loader_path/Frameworks";
				PRODUCT_BUNDLE_IDENTIFIER = com.jeffeom.PropellersTests;
				PRODUCT_NAME = "$(TARGET_NAME)";
				SWIFT_VERSION = 4.0;
				TARGETED_DEVICE_FAMILY = "1,2";
				TEST_HOST = "$(BUILT_PRODUCTS_DIR)/Propellers.app/Propellers";
			};
			name = Release;
		};
		4019CED11FA1BDAB00B738B4 /* Debug */ = {
			isa = XCBuildConfiguration;
			baseConfigurationReference = 7703AA096D6ED47B499A1D49 /* Pods-PropellersUITests.debug.xcconfig */;
			buildSettings = {
				ALWAYS_EMBED_SWIFT_STANDARD_LIBRARIES = YES;
				CODE_SIGN_STYLE = Automatic;
				DEVELOPMENT_TEAM = U43R3UYB5A;
				INFOPLIST_FILE = PropellersUITests/Info.plist;
				LD_RUNPATH_SEARCH_PATHS = "$(inherited) @executable_path/Frameworks @loader_path/Frameworks";
				PRODUCT_BUNDLE_IDENTIFIER = com.jeffeom.PropellersUITests;
				PRODUCT_NAME = "$(TARGET_NAME)";
				SWIFT_VERSION = 4.0;
				TARGETED_DEVICE_FAMILY = "1,2";
				TEST_TARGET_NAME = Propellers;
			};
			name = Debug;
		};
		4019CED21FA1BDAB00B738B4 /* Release */ = {
			isa = XCBuildConfiguration;
			baseConfigurationReference = C78E1D07B92AD600F968CCFB /* Pods-PropellersUITests.release.xcconfig */;
			buildSettings = {
				ALWAYS_EMBED_SWIFT_STANDARD_LIBRARIES = YES;
				CODE_SIGN_STYLE = Automatic;
				DEVELOPMENT_TEAM = U43R3UYB5A;
				INFOPLIST_FILE = PropellersUITests/Info.plist;
				LD_RUNPATH_SEARCH_PATHS = "$(inherited) @executable_path/Frameworks @loader_path/Frameworks";
				PRODUCT_BUNDLE_IDENTIFIER = com.jeffeom.PropellersUITests;
				PRODUCT_NAME = "$(TARGET_NAME)";
				SWIFT_VERSION = 4.0;
				TARGETED_DEVICE_FAMILY = "1,2";
				TEST_TARGET_NAME = Propellers;
			};
			name = Release;
		};
/* End XCBuildConfiguration section */

/* Begin XCConfigurationList section */
		4019CE9D1FA1BDAB00B738B4 /* Build configuration list for PBXProject "Propellers" */ = {
			isa = XCConfigurationList;
			buildConfigurations = (
				4019CEC81FA1BDAB00B738B4 /* Debug */,
				4019CEC91FA1BDAB00B738B4 /* Release */,
			);
			defaultConfigurationIsVisible = 0;
			defaultConfigurationName = Release;
		};
		4019CECA1FA1BDAB00B738B4 /* Build configuration list for PBXNativeTarget "Propellers" */ = {
			isa = XCConfigurationList;
			buildConfigurations = (
				4019CECB1FA1BDAB00B738B4 /* Debug */,
				4019CECC1FA1BDAB00B738B4 /* Release */,
			);
			defaultConfigurationIsVisible = 0;
			defaultConfigurationName = Release;
		};
		4019CECD1FA1BDAB00B738B4 /* Build configuration list for PBXNativeTarget "PropellersTests" */ = {
			isa = XCConfigurationList;
			buildConfigurations = (
				4019CECE1FA1BDAB00B738B4 /* Debug */,
				4019CECF1FA1BDAB00B738B4 /* Release */,
			);
			defaultConfigurationIsVisible = 0;
			defaultConfigurationName = Release;
		};
		4019CED01FA1BDAB00B738B4 /* Build configuration list for PBXNativeTarget "PropellersUITests" */ = {
			isa = XCConfigurationList;
			buildConfigurations = (
				4019CED11FA1BDAB00B738B4 /* Debug */,
				4019CED21FA1BDAB00B738B4 /* Release */,
			);
			defaultConfigurationIsVisible = 0;
			defaultConfigurationName = Release;
		};
/* End XCConfigurationList section */
	};
	rootObject = 4019CE9A1FA1BDAB00B738B4 /* Project object */;
}
