// !$*UTF8*$!
{
	archiveVersion = 1;
	classes = {
	};
	objectVersion = 48;
	objects = {

/* Begin PBXBuildFile section */
		01C8D41E24A4C2B99C3B0580 /* AssetsLibrary.framework in Frameworks */ = {isa = PBXBuildFile; fileRef = 463D1F281314420CA8AD01DE /* AssetsLibrary.framework */; };
		13FA67041FBA8E4100A016FE /* GeneralTabBarItem.swift in Sources */ = {isa = PBXBuildFile; fileRef = 13FA67031FBA8E4100A016FE /* GeneralTabBarItem.swift */; };
		1DA5497DC897B96CE971D1FF /* CoreTelephony.framework in Frameworks */ = {isa = PBXBuildFile; fileRef = 1DC9FC8CA35DE0A1979E4448 /* CoreTelephony.framework */; };
		3F501DDBEF9343EBF2C73E2A /* Pods_Propellers.framework in Frameworks */ = {isa = PBXBuildFile; fileRef = F1DC02139854B5FAD3D2CBD3 /* Pods_Propellers.framework */; };
		4019CEA61FA1BDAB00B738B4 /* AppDelegate.swift in Sources */ = {isa = PBXBuildFile; fileRef = 4019CEA51FA1BDAB00B738B4 /* AppDelegate.swift */; };
		4019CEA81FA1BDAB00B738B4 /* LogInViewController.swift in Sources */ = {isa = PBXBuildFile; fileRef = 4019CEA71FA1BDAB00B738B4 /* LogInViewController.swift */; };
		4019CEAB1FA1BDAB00B738B4 /* Main.storyboard in Resources */ = {isa = PBXBuildFile; fileRef = 4019CEA91FA1BDAB00B738B4 /* Main.storyboard */; };
		4019CEAD1FA1BDAB00B738B4 /* Assets.xcassets in Resources */ = {isa = PBXBuildFile; fileRef = 4019CEAC1FA1BDAB00B738B4 /* Assets.xcassets */; };
		4019CEB01FA1BDAB00B738B4 /* LaunchScreen.storyboard in Resources */ = {isa = PBXBuildFile; fileRef = 4019CEAE1FA1BDAB00B738B4 /* LaunchScreen.storyboard */; };
		4019CEBB1FA1BDAB00B738B4 /* PropellersTests.swift in Sources */ = {isa = PBXBuildFile; fileRef = 4019CEBA1FA1BDAB00B738B4 /* PropellersTests.swift */; };
		4019CEC61FA1BDAB00B738B4 /* PropellersUITests.swift in Sources */ = {isa = PBXBuildFile; fileRef = 4019CEC51FA1BDAB00B738B4 /* PropellersUITests.swift */; };
		4019CEE91FA1BEA600B738B4 /* Chat.storyboard in Resources */ = {isa = PBXBuildFile; fileRef = 4019CEE41FA1BEA500B738B4 /* Chat.storyboard */; };
		4019CEEA1FA1BEA600B738B4 /* Friends.storyboard in Resources */ = {isa = PBXBuildFile; fileRef = 4019CEE51FA1BEA600B738B4 /* Friends.storyboard */; };
		4019CEEB1FA1BEA600B738B4 /* Explore.storyboard in Resources */ = {isa = PBXBuildFile; fileRef = 4019CEE61FA1BEA600B738B4 /* Explore.storyboard */; };
		4019CEEC1FA1BEA600B738B4 /* Settings.storyboard in Resources */ = {isa = PBXBuildFile; fileRef = 4019CEE71FA1BEA600B738B4 /* Settings.storyboard */; };
		4019CEED1FA1BEA600B738B4 /* Logs.storyboard in Resources */ = {isa = PBXBuildFile; fileRef = 4019CEE81FA1BEA600B738B4 /* Logs.storyboard */; };
		4019CEF01FA1BF1200B738B4 /* Date+milliseconds.swift in Sources */ = {isa = PBXBuildFile; fileRef = 4019CEEF1FA1BF1200B738B4 /* Date+milliseconds.swift */; };
		401C2BCB1FA1C388002129BB /* GoogleService-Info.plist in Resources */ = {isa = PBXBuildFile; fileRef = 401C2BCA1FA1C388002129BB /* GoogleService-Info.plist */; };
		4036FC7320CA25A8004518B1 /* Newsfeed.storyboard in Resources */ = {isa = PBXBuildFile; fileRef = 4036FC7220CA25A8004518B1 /* Newsfeed.storyboard */; };
		4036FC7620CA2E78004518B1 /* NewsfeedViewController.swift in Sources */ = {isa = PBXBuildFile; fileRef = 4036FC7520CA2E78004518B1 /* NewsfeedViewController.swift */; };
		403E56E81FA7C5AF00110BB1 /* SignUpViewController.swift in Sources */ = {isa = PBXBuildFile; fileRef = 403E56E71FA7C5AF00110BB1 /* SignUpViewController.swift */; };
		403E56EB1FA7C67E00110BB1 /* NetworkingService.swift in Sources */ = {isa = PBXBuildFile; fileRef = 403E56EA1FA7C67E00110BB1 /* NetworkingService.swift */; };
		403E56ED1FA7CD0E00110BB1 /* String+Uppercase.swift in Sources */ = {isa = PBXBuildFile; fileRef = 403E56EC1FA7CD0E00110BB1 /* String+Uppercase.swift */; };
		403E56EF1FA7F2A800110BB1 /* Message.swift in Sources */ = {isa = PBXBuildFile; fileRef = 403E56EE1FA7F2A800110BB1 /* Message.swift */; };
		404F67A320DC978B00D92C0F /* ProImageView.swift in Sources */ = {isa = PBXBuildFile; fileRef = 404F67A220DC978B00D92C0F /* ProImageView.swift */; };
		404F67A520DC9DC500D92C0F /* DetailViewController.swift in Sources */ = {isa = PBXBuildFile; fileRef = 404F67A420DC9DC500D92C0F /* DetailViewController.swift */; };
		405A456E1FCCCDD800DCC527 /* FriendsViewController.swift in Sources */ = {isa = PBXBuildFile; fileRef = 405A456D1FCCCDD800DCC527 /* FriendsViewController.swift */; };
		405A45741FCCCF8000DCC527 /* ThemeColor.swift in Sources */ = {isa = PBXBuildFile; fileRef = 405A45731FCCCF8000DCC527 /* ThemeColor.swift */; };
		405A45761FCCD0B600DCC527 /* FixedImageNavigationItem.swift in Sources */ = {isa = PBXBuildFile; fileRef = 405A45751FCCD0B600DCC527 /* FixedImageNavigationItem.swift */; };
		405A457B1FCCD22A00DCC527 /* ExploreViewController.swift in Sources */ = {isa = PBXBuildFile; fileRef = 405A457A1FCCD22A00DCC527 /* ExploreViewController.swift */; };
		405A457D1FCCD23000DCC527 /* LogsViewController.swift in Sources */ = {isa = PBXBuildFile; fileRef = 405A457C1FCCD23000DCC527 /* LogsViewController.swift */; };
		405A457F1FCCD66200DCC527 /* ProfileDetailViewController.swift in Sources */ = {isa = PBXBuildFile; fileRef = 405A457E1FCCD66200DCC527 /* ProfileDetailViewController.swift */; };
		405A45811FCCD75200DCC527 /* UserModel.swift in Sources */ = {isa = PBXBuildFile; fileRef = 405A45801FCCD75200DCC527 /* UserModel.swift */; };
		405A45831FCCD89E00DCC527 /* UserProfile.swift in Sources */ = {isa = PBXBuildFile; fileRef = 405A45821FCCD89E00DCC527 /* UserProfile.swift */; };
		405A45851FCCD99D00DCC527 /* Project.swift in Sources */ = {isa = PBXBuildFile; fileRef = 405A45841FCCD99D00DCC527 /* Project.swift */; };
		405A45871FCD0F5300DCC527 /* UIFont+SizeOfString.swift in Sources */ = {isa = PBXBuildFile; fileRef = 405A45861FCD0F5300DCC527 /* UIFont+SizeOfString.swift */; };
		405F29AE202FABDC0030E19C /* GeneralTabBarViewController.swift in Sources */ = {isa = PBXBuildFile; fileRef = 405F29AD202FABDC0030E19C /* GeneralTabBarViewController.swift */; };
		406F973520EF0D400011BF93 /* CommentsCollectionViewCell.swift in Sources */ = {isa = PBXBuildFile; fileRef = 406F973420EF0D400011BF93 /* CommentsCollectionViewCell.swift */; };
		407225F41FB11ED000D2193E /* SettingsViewController.swift in Sources */ = {isa = PBXBuildFile; fileRef = 407225F31FB11ED000D2193E /* SettingsViewController.swift */; };
		40A64A7920AE1CBE00983ADE /* PaymentViewController.swift in Sources */ = {isa = PBXBuildFile; fileRef = 40A64A7820AE1CBE00983ADE /* PaymentViewController.swift */; };
		40A64A7B20AE2C1700983ADE /* StripeAPIClient.swift in Sources */ = {isa = PBXBuildFile; fileRef = 40A64A7A20AE2C1700983ADE /* StripeAPIClient.swift */; };
		40A64A7F20AE2E7A00983ADE /* Constants.swift in Sources */ = {isa = PBXBuildFile; fileRef = 40A64A7E20AE2E7900983ADE /* Constants.swift */; };
		40B0043B202F91F700683324 /* NewChatViewController.swift in Sources */ = {isa = PBXBuildFile; fileRef = 40B0043A202F91F700683324 /* NewChatViewController.swift */; };
		40B0043D202F990800683324 /* ChatCollectionViewCells.swift in Sources */ = {isa = PBXBuildFile; fileRef = 40B0043C202F990800683324 /* ChatCollectionViewCells.swift */; };
		40B0043F202F996F00683324 /* UIViewController+Extra.swift in Sources */ = {isa = PBXBuildFile; fileRef = 40B0043E202F996F00683324 /* UIViewController+Extra.swift */; };
		40B00441202F9A5400683324 /* Reachability.swift in Sources */ = {isa = PBXBuildFile; fileRef = 40B00440202F9A5400683324 /* Reachability.swift */; };
		40B00443202F9EF900683324 /* ZoomPhoto.swift in Sources */ = {isa = PBXBuildFile; fileRef = 40B00442202F9EF900683324 /* ZoomPhoto.swift */; };
		40B2B65F202D57C10097E49D /* RoomTableViewCell.swift in Sources */ = {isa = PBXBuildFile; fileRef = 40B2B65E202D57C10097E49D /* RoomTableViewCell.swift */; };
		40B2B661202D57DF0097E49D /* UserCell.swift in Sources */ = {isa = PBXBuildFile; fileRef = 40B2B660202D57DF0097E49D /* UserCell.swift */; };
		40E59B3B1FA859870069B8B2 /* RoomViewController.swift in Sources */ = {isa = PBXBuildFile; fileRef = 40E59B3A1FA859870069B8B2 /* RoomViewController.swift */; };
		40E661201FB135650086A75A /* Room.swift in Sources */ = {isa = PBXBuildFile; fileRef = 40E6611F1FB135650086A75A /* Room.swift */; };
		5B39A83FF1E6F8CFF119BBA8 /* SystemConfiguration.framework in Frameworks */ = {isa = PBXBuildFile; fileRef = 4F98590F576E6B6CA288BD58 /* SystemConfiguration.framework */; };
		69AB96C5C0BBF92E2F30842A /* CoreMedia.framework in Frameworks */ = {isa = PBXBuildFile; fileRef = D153278B379AE31820B2E7D5 /* CoreMedia.framework */; };
		6B41851FBAB7374DC0654D1F /* Pods_PropellersTests.framework in Frameworks */ = {isa = PBXBuildFile; fileRef = 7B387BBFAC22AE2309B1CC22 /* Pods_PropellersTests.framework */; };
		8D38D50B044D6F202B6A76D1 /* CoreVideo.framework in Frameworks */ = {isa = PBXBuildFile; fileRef = AF4A9F9925901F36999FF017 /* CoreVideo.framework */; };
		97352E61D993E47F2EC34797 /* CoreText.framework in Frameworks */ = {isa = PBXBuildFile; fileRef = D0D42C526A580EEE7E5334EF /* CoreText.framework */; };
		A9491CD3F4CC3CA8A379B844 /* AVFoundation.framework in Frameworks */ = {isa = PBXBuildFile; fileRef = 276226AFAF5E1A80B7B57480 /* AVFoundation.framework */; };
		AC83AF25D7ADCF2D63B44E79 /* BuddyBuildSDK.framework in Frameworks */ = {isa = PBXBuildFile; fileRef = 78F257AFCA6E867C3919753C /* BuddyBuildSDK.framework */; };
		B0098B2BC96A905B4A81B943 /* Pods_PropellersUITests.framework in Frameworks */ = {isa = PBXBuildFile; fileRef = 783E1CC98B45396CFAFB374C /* Pods_PropellersUITests.framework */; };
		ED9FCE9182378C90A9BBE6F0 /* QuartzCore.framework in Frameworks */ = {isa = PBXBuildFile; fileRef = FB8962C60D78701B30BBC641 /* QuartzCore.framework */; };
/* End PBXBuildFile section */

/* Begin PBXContainerItemProxy section */
		4019CEB71FA1BDAB00B738B4 /* PBXContainerItemProxy */ = {
			isa = PBXContainerItemProxy;
			containerPortal = 4019CE9A1FA1BDAB00B738B4 /* Project object */;
			proxyType = 1;
			remoteGlobalIDString = 4019CEA11FA1BDAB00B738B4;
			remoteInfo = Propellers;
		};
		4019CEC21FA1BDAB00B738B4 /* PBXContainerItemProxy */ = {
			isa = PBXContainerItemProxy;
			containerPortal = 4019CE9A1FA1BDAB00B738B4 /* Project object */;
			proxyType = 1;
			remoteGlobalIDString = 4019CEA11FA1BDAB00B738B4;
			remoteInfo = Propellers;
		};
/* End PBXContainerItemProxy section */

/* Begin PBXFileReference section */
		13FA67031FBA8E4100A016FE /* GeneralTabBarItem.swift */ = {isa = PBXFileReference; lastKnownFileType = sourcecode.swift; path = GeneralTabBarItem.swift; sourceTree = "<group>"; };
		1DC9FC8CA35DE0A1979E4448 /* CoreTelephony.framework */ = {isa = PBXFileReference; lastKnownFileType = wrapper.framework; name = CoreTelephony.framework; path = System/Library/Frameworks/CoreTelephony.framework; sourceTree = SDKROOT; };
		276226AFAF5E1A80B7B57480 /* AVFoundation.framework */ = {isa = PBXFileReference; lastKnownFileType = wrapper.framework; name = AVFoundation.framework; path = System/Library/Frameworks/AVFoundation.framework; sourceTree = SDKROOT; };
		2C38738F7DFEE7C95D0F2D49 /* Pods-PropellersTests.release.xcconfig */ = {isa = PBXFileReference; includeInIndex = 1; lastKnownFileType = text.xcconfig; name = "Pods-PropellersTests.release.xcconfig"; path = "Pods/Target Support Files/Pods-PropellersTests/Pods-PropellersTests.release.xcconfig"; sourceTree = "<group>"; };
		2E8CABF75A3B59255EA4CA07 /* Pods-Propellers.release.xcconfig */ = {isa = PBXFileReference; includeInIndex = 1; lastKnownFileType = text.xcconfig; name = "Pods-Propellers.release.xcconfig"; path = "Pods/Target Support Files/Pods-Propellers/Pods-Propellers.release.xcconfig"; sourceTree = "<group>"; };
		4019CEA21FA1BDAB00B738B4 /* Propellers.app */ = {isa = PBXFileReference; explicitFileType = wrapper.application; includeInIndex = 0; path = Propellers.app; sourceTree = BUILT_PRODUCTS_DIR; };
		4019CEA51FA1BDAB00B738B4 /* AppDelegate.swift */ = {isa = PBXFileReference; lastKnownFileType = sourcecode.swift; path = AppDelegate.swift; sourceTree = "<group>"; };
		4019CEA71FA1BDAB00B738B4 /* LogInViewController.swift */ = {isa = PBXFileReference; lastKnownFileType = sourcecode.swift; path = LogInViewController.swift; sourceTree = "<group>"; };
		4019CEAA1FA1BDAB00B738B4 /* Base */ = {isa = PBXFileReference; lastKnownFileType = file.storyboard; name = Base; path = Base.lproj/Main.storyboard; sourceTree = "<group>"; };
		4019CEAC1FA1BDAB00B738B4 /* Assets.xcassets */ = {isa = PBXFileReference; lastKnownFileType = folder.assetcatalog; path = Assets.xcassets; sourceTree = "<group>"; };
		4019CEAF1FA1BDAB00B738B4 /* Base */ = {isa = PBXFileReference; lastKnownFileType = file.storyboard; name = Base; path = Base.lproj/LaunchScreen.storyboard; sourceTree = "<group>"; };
		4019CEB11FA1BDAB00B738B4 /* Info.plist */ = {isa = PBXFileReference; lastKnownFileType = text.plist.xml; path = Info.plist; sourceTree = "<group>"; };
		4019CEB61FA1BDAB00B738B4 /* PropellersTests.xctest */ = {isa = PBXFileReference; explicitFileType = wrapper.cfbundle; includeInIndex = 0; path = PropellersTests.xctest; sourceTree = BUILT_PRODUCTS_DIR; };
		4019CEBA1FA1BDAB00B738B4 /* PropellersTests.swift */ = {isa = PBXFileReference; lastKnownFileType = sourcecode.swift; path = PropellersTests.swift; sourceTree = "<group>"; };
		4019CEBC1FA1BDAB00B738B4 /* Info.plist */ = {isa = PBXFileReference; lastKnownFileType = text.plist.xml; path = Info.plist; sourceTree = "<group>"; };
		4019CEC11FA1BDAB00B738B4 /* PropellersUITests.xctest */ = {isa = PBXFileReference; explicitFileType = wrapper.cfbundle; includeInIndex = 0; path = PropellersUITests.xctest; sourceTree = BUILT_PRODUCTS_DIR; };
		4019CEC51FA1BDAB00B738B4 /* PropellersUITests.swift */ = {isa = PBXFileReference; lastKnownFileType = sourcecode.swift; path = PropellersUITests.swift; sourceTree = "<group>"; };
		4019CEC71FA1BDAB00B738B4 /* Info.plist */ = {isa = PBXFileReference; lastKnownFileType = text.plist.xml; path = Info.plist; sourceTree = "<group>"; };
		4019CEE41FA1BEA500B738B4 /* Chat.storyboard */ = {isa = PBXFileReference; fileEncoding = 4; lastKnownFileType = file.storyboard; path = Chat.storyboard; sourceTree = "<group>"; };
		4019CEE51FA1BEA600B738B4 /* Friends.storyboard */ = {isa = PBXFileReference; fileEncoding = 4; lastKnownFileType = file.storyboard; path = Friends.storyboard; sourceTree = "<group>"; };
		4019CEE61FA1BEA600B738B4 /* Explore.storyboard */ = {isa = PBXFileReference; fileEncoding = 4; lastKnownFileType = file.storyboard; path = Explore.storyboard; sourceTree = "<group>"; };
		4019CEE71FA1BEA600B738B4 /* Settings.storyboard */ = {isa = PBXFileReference; fileEncoding = 4; lastKnownFileType = file.storyboard; path = Settings.storyboard; sourceTree = "<group>"; };
		4019CEE81FA1BEA600B738B4 /* Logs.storyboard */ = {isa = PBXFileReference; fileEncoding = 4; lastKnownFileType = file.storyboard; path = Logs.storyboard; sourceTree = "<group>"; };
		4019CEEF1FA1BF1200B738B4 /* Date+milliseconds.swift */ = {isa = PBXFileReference; fileEncoding = 4; lastKnownFileType = sourcecode.swift; path = "Date+milliseconds.swift"; sourceTree = "<group>"; };
		401C2BCA1FA1C388002129BB /* GoogleService-Info.plist */ = {isa = PBXFileReference; fileEncoding = 4; lastKnownFileType = text.plist.xml; path = "GoogleService-Info.plist"; sourceTree = "<group>"; };
		4036FC7220CA25A8004518B1 /* Newsfeed.storyboard */ = {isa = PBXFileReference; lastKnownFileType = file.storyboard; path = Newsfeed.storyboard; sourceTree = "<group>"; };
		4036FC7520CA2E78004518B1 /* NewsfeedViewController.swift */ = {isa = PBXFileReference; lastKnownFileType = sourcecode.swift; path = NewsfeedViewController.swift; sourceTree = "<group>"; };
		403E56E71FA7C5AF00110BB1 /* SignUpViewController.swift */ = {isa = PBXFileReference; lastKnownFileType = sourcecode.swift; path = SignUpViewController.swift; sourceTree = "<group>"; };
		403E56EA1FA7C67E00110BB1 /* NetworkingService.swift */ = {isa = PBXFileReference; lastKnownFileType = sourcecode.swift; path = NetworkingService.swift; sourceTree = "<group>"; };
		403E56EC1FA7CD0E00110BB1 /* String+Uppercase.swift */ = {isa = PBXFileReference; lastKnownFileType = sourcecode.swift; path = "String+Uppercase.swift"; sourceTree = "<group>"; };
		403E56EE1FA7F2A800110BB1 /* Message.swift */ = {isa = PBXFileReference; lastKnownFileType = sourcecode.swift; path = Message.swift; sourceTree = "<group>"; };
		404F67A220DC978B00D92C0F /* ProImageView.swift */ = {isa = PBXFileReference; lastKnownFileType = sourcecode.swift; path = ProImageView.swift; sourceTree = "<group>"; };
		404F67A420DC9DC500D92C0F /* DetailViewController.swift */ = {isa = PBXFileReference; lastKnownFileType = sourcecode.swift; path = DetailViewController.swift; sourceTree = "<group>"; };
		405A456D1FCCCDD800DCC527 /* FriendsViewController.swift */ = {isa = PBXFileReference; lastKnownFileType = sourcecode.swift; path = FriendsViewController.swift; sourceTree = "<group>"; };
		405A45731FCCCF8000DCC527 /* ThemeColor.swift */ = {isa = PBXFileReference; lastKnownFileType = sourcecode.swift; path = ThemeColor.swift; sourceTree = "<group>"; };
		405A45751FCCD0B600DCC527 /* FixedImageNavigationItem.swift */ = {isa = PBXFileReference; lastKnownFileType = sourcecode.swift; path = FixedImageNavigationItem.swift; sourceTree = "<group>"; };
		405A457A1FCCD22A00DCC527 /* ExploreViewController.swift */ = {isa = PBXFileReference; lastKnownFileType = sourcecode.swift; path = ExploreViewController.swift; sourceTree = "<group>"; };
		405A457C1FCCD23000DCC527 /* LogsViewController.swift */ = {isa = PBXFileReference; lastKnownFileType = sourcecode.swift; path = LogsViewController.swift; sourceTree = "<group>"; };
		405A457E1FCCD66200DCC527 /* ProfileDetailViewController.swift */ = {isa = PBXFileReference; lastKnownFileType = sourcecode.swift; path = ProfileDetailViewController.swift; sourceTree = "<group>"; };
		405A45801FCCD75200DCC527 /* UserModel.swift */ = {isa = PBXFileReference; lastKnownFileType = sourcecode.swift; path = UserModel.swift; sourceTree = "<group>"; };
		405A45821FCCD89E00DCC527 /* UserProfile.swift */ = {isa = PBXFileReference; lastKnownFileType = sourcecode.swift; path = UserProfile.swift; sourceTree = "<group>"; };
		405A45841FCCD99D00DCC527 /* Project.swift */ = {isa = PBXFileReference; lastKnownFileType = sourcecode.swift; path = Project.swift; sourceTree = "<group>"; };
		405A45861FCD0F5300DCC527 /* UIFont+SizeOfString.swift */ = {isa = PBXFileReference; lastKnownFileType = sourcecode.swift; path = "UIFont+SizeOfString.swift"; sourceTree = "<group>"; };
		405F29AC202FA9970030E19C /* Bridging-Header.h */ = {isa = PBXFileReference; fileEncoding = 4; lastKnownFileType = sourcecode.c.h; path = "Bridging-Header.h"; sourceTree = "<group>"; };
		405F29AD202FABDC0030E19C /* GeneralTabBarViewController.swift */ = {isa = PBXFileReference; lastKnownFileType = sourcecode.swift; path = GeneralTabBarViewController.swift; sourceTree = "<group>"; };
		406F973420EF0D400011BF93 /* CommentsCollectionViewCell.swift */ = {isa = PBXFileReference; lastKnownFileType = sourcecode.swift; path = CommentsCollectionViewCell.swift; sourceTree = "<group>"; };
		407225F31FB11ED000D2193E /* SettingsViewController.swift */ = {isa = PBXFileReference; lastKnownFileType = sourcecode.swift; path = SettingsViewController.swift; sourceTree = "<group>"; };
		40A64A7820AE1CBE00983ADE /* PaymentViewController.swift */ = {isa = PBXFileReference; lastKnownFileType = sourcecode.swift; path = PaymentViewController.swift; sourceTree = "<group>"; };
		40A64A7A20AE2C1700983ADE /* StripeAPIClient.swift */ = {isa = PBXFileReference; lastKnownFileType = sourcecode.swift; path = StripeAPIClient.swift; sourceTree = "<group>"; };
		40A64A7E20AE2E7900983ADE /* Constants.swift */ = {isa = PBXFileReference; fileEncoding = 4; lastKnownFileType = sourcecode.swift; name = Constants.swift; path = Propellers/Constants.swift; sourceTree = SOURCE_ROOT; };
		40B0043A202F91F700683324 /* NewChatViewController.swift */ = {isa = PBXFileReference; lastKnownFileType = sourcecode.swift; path = NewChatViewController.swift; sourceTree = "<group>"; };
		40B0043C202F990800683324 /* ChatCollectionViewCells.swift */ = {isa = PBXFileReference; lastKnownFileType = sourcecode.swift; path = ChatCollectionViewCells.swift; sourceTree = "<group>"; };
		40B0043E202F996F00683324 /* UIViewController+Extra.swift */ = {isa = PBXFileReference; lastKnownFileType = sourcecode.swift; path = "UIViewController+Extra.swift"; sourceTree = "<group>"; };
		40B00440202F9A5400683324 /* Reachability.swift */ = {isa = PBXFileReference; lastKnownFileType = sourcecode.swift; path = Reachability.swift; sourceTree = "<group>"; };
		40B00442202F9EF900683324 /* ZoomPhoto.swift */ = {isa = PBXFileReference; lastKnownFileType = sourcecode.swift; path = ZoomPhoto.swift; sourceTree = "<group>"; };
		40B2B65E202D57C10097E49D /* RoomTableViewCell.swift */ = {isa = PBXFileReference; lastKnownFileType = sourcecode.swift; path = RoomTableViewCell.swift; sourceTree = "<group>"; };
		40B2B660202D57DF0097E49D /* UserCell.swift */ = {isa = PBXFileReference; lastKnownFileType = sourcecode.swift; path = UserCell.swift; sourceTree = "<group>"; };
		40E59B3A1FA859870069B8B2 /* RoomViewController.swift */ = {isa = PBXFileReference; lastKnownFileType = sourcecode.swift; path = RoomViewController.swift; sourceTree = "<group>"; };
		40E6611F1FB135650086A75A /* Room.swift */ = {isa = PBXFileReference; lastKnownFileType = sourcecode.swift; path = Room.swift; sourceTree = "<group>"; };
		463D1F281314420CA8AD01DE /* AssetsLibrary.framework */ = {isa = PBXFileReference; lastKnownFileType = wrapper.framework; name = AssetsLibrary.framework; path = System/Library/Frameworks/AssetsLibrary.framework; sourceTree = SDKROOT; };
		4F98590F576E6B6CA288BD58 /* SystemConfiguration.framework */ = {isa = PBXFileReference; lastKnownFileType = wrapper.framework; name = SystemConfiguration.framework; path = System/Library/Frameworks/SystemConfiguration.framework; sourceTree = SDKROOT; };
		7703AA096D6ED47B499A1D49 /* Pods-PropellersUITests.debug.xcconfig */ = {isa = PBXFileReference; includeInIndex = 1; lastKnownFileType = text.xcconfig; name = "Pods-PropellersUITests.debug.xcconfig"; path = "Pods/Target Support Files/Pods-PropellersUITests/Pods-PropellersUITests.debug.xcconfig"; sourceTree = "<group>"; };
		783E1CC98B45396CFAFB374C /* Pods_PropellersUITests.framework */ = {isa = PBXFileReference; explicitFileType = wrapper.framework; includeInIndex = 0; path = Pods_PropellersUITests.framework; sourceTree = BUILT_PRODUCTS_DIR; };
		78F257AFCA6E867C3919753C /* BuddyBuildSDK.framework */ = {isa = PBXFileReference; lastKnownFileType = wrapper.framework; path = BuddyBuildSDK.framework; sourceTree = "<group>"; };
		7B387BBFAC22AE2309B1CC22 /* Pods_PropellersTests.framework */ = {isa = PBXFileReference; explicitFileType = wrapper.framework; includeInIndex = 0; path = Pods_PropellersTests.framework; sourceTree = BUILT_PRODUCTS_DIR; };
		88C68C98524430A616B6248F /* Pods-PropellersTests.debug.xcconfig */ = {isa = PBXFileReference; includeInIndex = 1; lastKnownFileType = text.xcconfig; name = "Pods-PropellersTests.debug.xcconfig"; path = "Pods/Target Support Files/Pods-PropellersTests/Pods-PropellersTests.debug.xcconfig"; sourceTree = "<group>"; };
		AF4A9F9925901F36999FF017 /* CoreVideo.framework */ = {isa = PBXFileReference; lastKnownFileType = wrapper.framework; name = CoreVideo.framework; path = System/Library/Frameworks/CoreVideo.framework; sourceTree = SDKROOT; };
		C78E1D07B92AD600F968CCFB /* Pods-PropellersUITests.release.xcconfig */ = {isa = PBXFileReference; includeInIndex = 1; lastKnownFileType = text.xcconfig; name = "Pods-PropellersUITests.release.xcconfig"; path = "Pods/Target Support Files/Pods-PropellersUITests/Pods-PropellersUITests.release.xcconfig"; sourceTree = "<group>"; };
		D0D42C526A580EEE7E5334EF /* CoreText.framework */ = {isa = PBXFileReference; lastKnownFileType = wrapper.framework; name = CoreText.framework; path = System/Library/Frameworks/CoreText.framework; sourceTree = SDKROOT; };
		D153278B379AE31820B2E7D5 /* CoreMedia.framework */ = {isa = PBXFileReference; lastKnownFileType = wrapper.framework; name = CoreMedia.framework; path = System/Library/Frameworks/CoreMedia.framework; sourceTree = SDKROOT; };
		ED7BA3D923CA3329229B684E /* Pods-Propellers.debug.xcconfig */ = {isa = PBXFileReference; includeInIndex = 1; lastKnownFileType = text.xcconfig; name = "Pods-Propellers.debug.xcconfig"; path = "Pods/Target Support Files/Pods-Propellers/Pods-Propellers.debug.xcconfig"; sourceTree = "<group>"; };
		F1DC02139854B5FAD3D2CBD3 /* Pods_Propellers.framework */ = {isa = PBXFileReference; explicitFileType = wrapper.framework; includeInIndex = 0; path = Pods_Propellers.framework; sourceTree = BUILT_PRODUCTS_DIR; };
		FB8962C60D78701B30BBC641 /* QuartzCore.framework */ = {isa = PBXFileReference; lastKnownFileType = wrapper.framework; name = QuartzCore.framework; path = System/Library/Frameworks/QuartzCore.framework; sourceTree = SDKROOT; };
/* End PBXFileReference section */

/* Begin PBXFrameworksBuildPhase section */
		4019CE9F1FA1BDAB00B738B4 /* Frameworks */ = {
			isa = PBXFrameworksBuildPhase;
			buildActionMask = 2147483647;
			files = (
				3F501DDBEF9343EBF2C73E2A /* Pods_Propellers.framework in Frameworks */,
				AC83AF25D7ADCF2D63B44E79 /* BuddyBuildSDK.framework in Frameworks */,
				01C8D41E24A4C2B99C3B0580 /* AssetsLibrary.framework in Frameworks */,
				97352E61D993E47F2EC34797 /* CoreText.framework in Frameworks */,
				1DA5497DC897B96CE971D1FF /* CoreTelephony.framework in Frameworks */,
				5B39A83FF1E6F8CFF119BBA8 /* SystemConfiguration.framework in Frameworks */,
				ED9FCE9182378C90A9BBE6F0 /* QuartzCore.framework in Frameworks */,
				A9491CD3F4CC3CA8A379B844 /* AVFoundation.framework in Frameworks */,
				69AB96C5C0BBF92E2F30842A /* CoreMedia.framework in Frameworks */,
				8D38D50B044D6F202B6A76D1 /* CoreVideo.framework in Frameworks */,
			);
			runOnlyForDeploymentPostprocessing = 0;
		};
		4019CEB31FA1BDAB00B738B4 /* Frameworks */ = {
			isa = PBXFrameworksBuildPhase;
			buildActionMask = 2147483647;
			files = (
				6B41851FBAB7374DC0654D1F /* Pods_PropellersTests.framework in Frameworks */,
			);
			runOnlyForDeploymentPostprocessing = 0;
		};
		4019CEBE1FA1BDAB00B738B4 /* Frameworks */ = {
			isa = PBXFrameworksBuildPhase;
			buildActionMask = 2147483647;
			files = (
				B0098B2BC96A905B4A81B943 /* Pods_PropellersUITests.framework in Frameworks */,
			);
			runOnlyForDeploymentPostprocessing = 0;
		};
/* End PBXFrameworksBuildPhase section */

/* Begin PBXGroup section */
		13F660001FB90DC800638825 /* ChatVC */ = {
			isa = PBXGroup;
			children = (
				40E59B3A1FA859870069B8B2 /* RoomViewController.swift */,
				40B0043A202F91F700683324 /* NewChatViewController.swift */,
				40A64A7820AE1CBE00983ADE /* PaymentViewController.swift */,
			);
			path = ChatVC;
			sourceTree = "<group>";
		};
		13FA67051FBA99E900A016FE /* AppDelegate */ = {
			isa = PBXGroup;
			children = (
				4019CEA51FA1BDAB00B738B4 /* AppDelegate.swift */,
			);
			path = AppDelegate;
			sourceTree = "<group>";
		};
		4019CE991FA1BDAB00B738B4 = {
			isa = PBXGroup;
			children = (
				4019CEA41FA1BDAB00B738B4 /* Propellers */,
				4019CEB91FA1BDAB00B738B4 /* PropellersTests */,
				4019CEC41FA1BDAB00B738B4 /* PropellersUITests */,
				4019CEA31FA1BDAB00B738B4 /* Products */,
				85B7751DC1CD28CEE7D4206D /* Pods */,
				5BE295F4D881B7A44BA47809 /* Frameworks */,
			);
			sourceTree = "<group>";
		};
		4019CEA31FA1BDAB00B738B4 /* Products */ = {
			isa = PBXGroup;
			children = (
				4019CEA21FA1BDAB00B738B4 /* Propellers.app */,
				4019CEB61FA1BDAB00B738B4 /* PropellersTests.xctest */,
				4019CEC11FA1BDAB00B738B4 /* PropellersUITests.xctest */,
			);
			name = Products;
			sourceTree = "<group>";
		};
		4019CEA41FA1BDAB00B738B4 /* Propellers */ = {
			isa = PBXGroup;
			children = (
				13FA67051FBA99E900A016FE /* AppDelegate */,
				4019CED61FA1BDDE00B738B4 /* Models */,
				4019CED51FA1BDDD00B738B4 /* Views */,
				4019CED41FA1BDDB00B738B4 /* Controllers */,
				403E56E91FA7C66E00110BB1 /* Services */,
				4019CED31FA1BDDA00B738B4 /* Supporting Files */,
				4019CED71FA1BE0C00B738B4 /* UI */,
			);
			path = Propellers;
			sourceTree = "<group>";
		};
		4019CEB91FA1BDAB00B738B4 /* PropellersTests */ = {
			isa = PBXGroup;
			children = (
				4019CEBA1FA1BDAB00B738B4 /* PropellersTests.swift */,
				4019CEBC1FA1BDAB00B738B4 /* Info.plist */,
			);
			path = PropellersTests;
			sourceTree = "<group>";
		};
		4019CEC41FA1BDAB00B738B4 /* PropellersUITests */ = {
			isa = PBXGroup;
			children = (
				4019CEC51FA1BDAB00B738B4 /* PropellersUITests.swift */,
				4019CEC71FA1BDAB00B738B4 /* Info.plist */,
			);
			path = PropellersUITests;
			sourceTree = "<group>";
		};
		4019CED31FA1BDDA00B738B4 /* Supporting Files */ = {
			isa = PBXGroup;
			children = (
				405F29AB202FA9970030E19C /* BridgingHeaders */,
				4019CEEE1FA1BF1200B738B4 /* Extensions */,
				4019CEB11FA1BDAB00B738B4 /* Info.plist */,
				401C2BCA1FA1C388002129BB /* GoogleService-Info.plist */,
			);
			path = "Supporting Files";
			sourceTree = "<group>";
		};
		4019CED41FA1BDDB00B738B4 /* Controllers */ = {
			isa = PBXGroup;
			children = (
				405A45701FCCCDEB00DCC527 /* Login&SignUp */,
				4036FC7420CA2E5E004518B1 /* NewsfeedVC */,
				405A456F1FCCCDDB00DCC527 /* FriendsVC */,
				13F660001FB90DC800638825 /* ChatVC */,
				405A45771FCCD1EE00DCC527 /* ExploreVC */,
				405A45791FCCD20800DCC527 /* LogsVC */,
				405A45711FCCCDF600DCC527 /* SettingsVC */,
			);
			path = Controllers;
			sourceTree = "<group>";
		};
		4019CED51FA1BDDD00B738B4 /* Views */ = {
			isa = PBXGroup;
			children = (
				13FA67031FBA8E4100A016FE /* GeneralTabBarItem.swift */,
				40B2B65E202D57C10097E49D /* RoomTableViewCell.swift */,
				40B2B660202D57DF0097E49D /* UserCell.swift */,
				40B0043C202F990800683324 /* ChatCollectionViewCells.swift */,
				40B00442202F9EF900683324 /* ZoomPhoto.swift */,
				406F973420EF0D400011BF93 /* CommentsCollectionViewCell.swift */,
			);
			path = Views;
			sourceTree = "<group>";
		};
		4019CED61FA1BDDE00B738B4 /* Models */ = {
			isa = PBXGroup;
			children = (
				403E56EE1FA7F2A800110BB1 /* Message.swift */,
				40E6611F1FB135650086A75A /* Room.swift */,
				405A45801FCCD75200DCC527 /* UserModel.swift */,
				405A45821FCCD89E00DCC527 /* UserProfile.swift */,
				405A45841FCCD99D00DCC527 /* Project.swift */,
			);
			path = Models;
			sourceTree = "<group>";
		};
		4019CED71FA1BE0C00B738B4 /* UI */ = {
			isa = PBXGroup;
			children = (
				405A45721FCCCF1000DCC527 /* Theme */,
				407225F71FB12F3B00D2193E /* Storyboards */,
				4019CEAC1FA1BDAB00B738B4 /* Assets.xcassets */,
			);
			path = UI;
			sourceTree = "<group>";
		};
		4019CEEE1FA1BF1200B738B4 /* Extensions */ = {
			isa = PBXGroup;
			children = (
				4019CEEF1FA1BF1200B738B4 /* Date+milliseconds.swift */,
				403E56EC1FA7CD0E00110BB1 /* String+Uppercase.swift */,
				405A45861FCD0F5300DCC527 /* UIFont+SizeOfString.swift */,
				40B0043E202F996F00683324 /* UIViewController+Extra.swift */,
				40A64A7E20AE2E7900983ADE /* Constants.swift */,
				404F67A220DC978B00D92C0F /* ProImageView.swift */,
			);
			path = Extensions;
			sourceTree = "<group>";
		};
		4036FC7420CA2E5E004518B1 /* NewsfeedVC */ = {
			isa = PBXGroup;
			children = (
				4036FC7520CA2E78004518B1 /* NewsfeedViewController.swift */,
				404F67A420DC9DC500D92C0F /* DetailViewController.swift */,
			);
			path = NewsfeedVC;
			sourceTree = "<group>";
		};
		403E56E91FA7C66E00110BB1 /* Services */ = {
			isa = PBXGroup;
			children = (
				403E56EA1FA7C67E00110BB1 /* NetworkingService.swift */,
				40B00440202F9A5400683324 /* Reachability.swift */,
				40A64A7A20AE2C1700983ADE /* StripeAPIClient.swift */,
			);
			path = Services;
			sourceTree = "<group>";
		};
		405A456F1FCCCDDB00DCC527 /* FriendsVC */ = {
			isa = PBXGroup;
			children = (
				405A456D1FCCCDD800DCC527 /* FriendsViewController.swift */,
				405A457E1FCCD66200DCC527 /* ProfileDetailViewController.swift */,
			);
			path = FriendsVC;
			sourceTree = "<group>";
		};
		405A45701FCCCDEB00DCC527 /* Login&SignUp */ = {
			isa = PBXGroup;
			children = (
				405F29AD202FABDC0030E19C /* GeneralTabBarViewController.swift */,
				4019CEA71FA1BDAB00B738B4 /* LogInViewController.swift */,
				403E56E71FA7C5AF00110BB1 /* SignUpViewController.swift */,
			);
			path = "Login&SignUp";
			sourceTree = "<group>";
		};
		405A45711FCCCDF600DCC527 /* SettingsVC */ = {
			isa = PBXGroup;
			children = (
				407225F31FB11ED000D2193E /* SettingsViewController.swift */,
			);
			path = SettingsVC;
			sourceTree = "<group>";
		};
		405A45721FCCCF1000DCC527 /* Theme */ = {
			isa = PBXGroup;
			children = (
				405A45731FCCCF8000DCC527 /* ThemeColor.swift */,
				405A45751FCCD0B600DCC527 /* FixedImageNavigationItem.swift */,
			);
			path = Theme;
			sourceTree = "<group>";
		};
		405A45771FCCD1EE00DCC527 /* ExploreVC */ = {
			isa = PBXGroup;
			children = (
				405A457A1FCCD22A00DCC527 /* ExploreViewController.swift */,
			);
			path = ExploreVC;
			sourceTree = "<group>";
		};
		405A45791FCCD20800DCC527 /* LogsVC */ = {
			isa = PBXGroup;
			children = (
				405A457C1FCCD23000DCC527 /* LogsViewController.swift */,
			);
			path = LogsVC;
			sourceTree = "<group>";
		};
		405F29AB202FA9970030E19C /* BridgingHeaders */ = {
			isa = PBXGroup;
			children = (
				405F29AC202FA9970030E19C /* Bridging-Header.h */,
			);
			path = BridgingHeaders;
			sourceTree = "<group>";
		};
		407225F71FB12F3B00D2193E /* Storyboards */ = {
			isa = PBXGroup;
			children = (
				4019CEA91FA1BDAB00B738B4 /* Main.storyboard */,
				4019CEAE1FA1BDAB00B738B4 /* LaunchScreen.storyboard */,
				4036FC7220CA25A8004518B1 /* Newsfeed.storyboard */,
				4019CEE51FA1BEA600B738B4 /* Friends.storyboard */,
				4019CEE41FA1BEA500B738B4 /* Chat.storyboard */,
				4019CEE61FA1BEA600B738B4 /* Explore.storyboard */,
				4019CEE81FA1BEA600B738B4 /* Logs.storyboard */,
				4019CEE71FA1BEA600B738B4 /* Settings.storyboard */,
			);
			path = Storyboards;
			sourceTree = "<group>";
		};
		5BE295F4D881B7A44BA47809 /* Frameworks */ = {
			isa = PBXGroup;
			children = (
				F1DC02139854B5FAD3D2CBD3 /* Pods_Propellers.framework */,
				7B387BBFAC22AE2309B1CC22 /* Pods_PropellersTests.framework */,
				783E1CC98B45396CFAFB374C /* Pods_PropellersUITests.framework */,
				78F257AFCA6E867C3919753C /* BuddyBuildSDK.framework */,
				463D1F281314420CA8AD01DE /* AssetsLibrary.framework */,
				D0D42C526A580EEE7E5334EF /* CoreText.framework */,
				1DC9FC8CA35DE0A1979E4448 /* CoreTelephony.framework */,
				4F98590F576E6B6CA288BD58 /* SystemConfiguration.framework */,
				FB8962C60D78701B30BBC641 /* QuartzCore.framework */,
				276226AFAF5E1A80B7B57480 /* AVFoundation.framework */,
				D153278B379AE31820B2E7D5 /* CoreMedia.framework */,
				AF4A9F9925901F36999FF017 /* CoreVideo.framework */,
			);
			name = Frameworks;
			sourceTree = "<group>";
		};
		85B7751DC1CD28CEE7D4206D /* Pods */ = {
			isa = PBXGroup;
			children = (
				ED7BA3D923CA3329229B684E /* Pods-Propellers.debug.xcconfig */,
				2E8CABF75A3B59255EA4CA07 /* Pods-Propellers.release.xcconfig */,
				88C68C98524430A616B6248F /* Pods-PropellersTests.debug.xcconfig */,
				2C38738F7DFEE7C95D0F2D49 /* Pods-PropellersTests.release.xcconfig */,
				7703AA096D6ED47B499A1D49 /* Pods-PropellersUITests.debug.xcconfig */,
				C78E1D07B92AD600F968CCFB /* Pods-PropellersUITests.release.xcconfig */,
			);
			name = Pods;
			sourceTree = "<group>";
		};
/* End PBXGroup section */

/* Begin PBXNativeTarget section */
		4019CEA11FA1BDAB00B738B4 /* Propellers */ = {
			isa = PBXNativeTarget;
			buildConfigurationList = 4019CECA1FA1BDAB00B738B4 /* Build configuration list for PBXNativeTarget "Propellers" */;
			buildPhases = (
				3CE7DA704AE0A4986D8C0592 /* [CP] Check Pods Manifest.lock */,
				4019CE9E1FA1BDAB00B738B4 /* Sources */,
				4019CE9F1FA1BDAB00B738B4 /* Frameworks */,
				4019CEA01FA1BDAB00B738B4 /* Resources */,
				033A24C9AE824BF9440147B3 /* [CP] Embed Pods Frameworks */,
				BC77A51B783F2A1EF90A6325 /* [CP] Copy Pods Resources */,
			);
			buildRules = (
			);
			dependencies = (
			);
			name = Propellers;
			productName = Propellers;
			productReference = 4019CEA21FA1BDAB00B738B4 /* Propellers.app */;
			productType = "com.apple.product-type.application";
		};
		4019CEB51FA1BDAB00B738B4 /* PropellersTests */ = {
			isa = PBXNativeTarget;
			buildConfigurationList = 4019CECD1FA1BDAB00B738B4 /* Build configuration list for PBXNativeTarget "PropellersTests" */;
			buildPhases = (
				91319E51E0A095324F3BDB06 /* [CP] Check Pods Manifest.lock */,
				4019CEB21FA1BDAB00B738B4 /* Sources */,
				4019CEB31FA1BDAB00B738B4 /* Frameworks */,
				4019CEB41FA1BDAB00B738B4 /* Resources */,
				FE5BCD750EF7306E290EAFAA /* [CP] Embed Pods Frameworks */,
				F1D77D2098444C2FE51A8AA1 /* [CP] Copy Pods Resources */,
			);
			buildRules = (
			);
			dependencies = (
				4019CEB81FA1BDAB00B738B4 /* PBXTargetDependency */,
			);
			name = PropellersTests;
			productName = PropellersTests;
			productReference = 4019CEB61FA1BDAB00B738B4 /* PropellersTests.xctest */;
			productType = "com.apple.product-type.bundle.unit-test";
		};
		4019CEC01FA1BDAB00B738B4 /* PropellersUITests */ = {
			isa = PBXNativeTarget;
			buildConfigurationList = 4019CED01FA1BDAB00B738B4 /* Build configuration list for PBXNativeTarget "PropellersUITests" */;
			buildPhases = (
				667DD9EAC041037571B7EA36 /* [CP] Check Pods Manifest.lock */,
				4019CEBD1FA1BDAB00B738B4 /* Sources */,
				4019CEBE1FA1BDAB00B738B4 /* Frameworks */,
				4019CEBF1FA1BDAB00B738B4 /* Resources */,
				C54F2A74A4E46947D79E9DA3 /* [CP] Embed Pods Frameworks */,
				C30EDE66ECB3A5C8A5CA7D9F /* [CP] Copy Pods Resources */,
			);
			buildRules = (
			);
			dependencies = (
				4019CEC31FA1BDAB00B738B4 /* PBXTargetDependency */,
			);
			name = PropellersUITests;
			productName = PropellersUITests;
			productReference = 4019CEC11FA1BDAB00B738B4 /* PropellersUITests.xctest */;
			productType = "com.apple.product-type.bundle.ui-testing";
		};
/* End PBXNativeTarget section */

/* Begin PBXProject section */
		4019CE9A1FA1BDAB00B738B4 /* Project object */ = {
			isa = PBXProject;
			attributes = {
				LastSwiftUpdateCheck = 0900;
				LastUpgradeCheck = 0900;
				ORGANIZATIONNAME = "Jeff Eom";
				TargetAttributes = {
					4019CEA11FA1BDAB00B738B4 = {
						CreatedOnToolsVersion = 9.0.1;
						ProvisioningStyle = Automatic;
					};
					4019CEB51FA1BDAB00B738B4 = {
						CreatedOnToolsVersion = 9.0.1;
						ProvisioningStyle = Automatic;
						TestTargetID = 4019CEA11FA1BDAB00B738B4;
					};
					4019CEC01FA1BDAB00B738B4 = {
						CreatedOnToolsVersion = 9.0.1;
						ProvisioningStyle = Automatic;
						TestTargetID = 4019CEA11FA1BDAB00B738B4;
					};
				};
			};
			buildConfigurationList = 4019CE9D1FA1BDAB00B738B4 /* Build configuration list for PBXProject "Propellers" */;
			compatibilityVersion = "Xcode 8.0";
			developmentRegion = en;
			hasScannedForEncodings = 0;
			knownRegions = (
				en,
				Base,
			);
			mainGroup = 4019CE991FA1BDAB00B738B4;
			productRefGroup = 4019CEA31FA1BDAB00B738B4 /* Products */;
			projectDirPath = "";
			projectRoot = "";
			targets = (
				4019CEA11FA1BDAB00B738B4 /* Propellers */,
				4019CEB51FA1BDAB00B738B4 /* PropellersTests */,
				4019CEC01FA1BDAB00B738B4 /* PropellersUITests */,
			);
		};
/* End PBXProject section */

/* Begin PBXResourcesBuildPhase section */
		4019CEA01FA1BDAB00B738B4 /* Resources */ = {
			isa = PBXResourcesBuildPhase;
			buildActionMask = 2147483647;
			files = (
				4019CEB01FA1BDAB00B738B4 /* LaunchScreen.storyboard in Resources */,
				4019CEEA1FA1BEA600B738B4 /* Friends.storyboard in Resources */,
				401C2BCB1FA1C388002129BB /* GoogleService-Info.plist in Resources */,
				4036FC7320CA25A8004518B1 /* Newsfeed.storyboard in Resources */,
				4019CEAD1FA1BDAB00B738B4 /* Assets.xcassets in Resources */,
				4019CEED1FA1BEA600B738B4 /* Logs.storyboard in Resources */,
				4019CEE91FA1BEA600B738B4 /* Chat.storyboard in Resources */,
				4019CEEB1FA1BEA600B738B4 /* Explore.storyboard in Resources */,
				4019CEAB1FA1BDAB00B738B4 /* Main.storyboard in Resources */,
				4019CEEC1FA1BEA600B738B4 /* Settings.storyboard in Resources */,
			);
			runOnlyForDeploymentPostprocessing = 0;
		};
		4019CEB41FA1BDAB00B738B4 /* Resources */ = {
			isa = PBXResourcesBuildPhase;
			buildActionMask = 2147483647;
			files = (
			);
			runOnlyForDeploymentPostprocessing = 0;
		};
		4019CEBF1FA1BDAB00B738B4 /* Resources */ = {
			isa = PBXResourcesBuildPhase;
			buildActionMask = 2147483647;
			files = (
			);
			runOnlyForDeploymentPostprocessing = 0;
		};
/* End PBXResourcesBuildPhase section */

/* Begin PBXShellScriptBuildPhase section */
		033A24C9AE824BF9440147B3 /* [CP] Embed Pods Frameworks */ = {
			isa = PBXShellScriptBuildPhase;
			buildActionMask = 2147483647;
			files = (
			);
			inputPaths = (
				"${SRCROOT}/Pods/Target Support Files/Pods-Propellers/Pods-Propellers-frameworks.sh",
				"${BUILT_PRODUCTS_DIR}/Alamofire/Alamofire.framework",
				"${BUILT_PRODUCTS_DIR}/FLAnimatedImage/FLAnimatedImage.framework",
				"${BUILT_PRODUCTS_DIR}/GTMSessionFetcher/GTMSessionFetcher.framework",
				"${BUILT_PRODUCTS_DIR}/GoogleToolboxForMac/GoogleToolboxForMac.framework",
				"${BUILT_PRODUCTS_DIR}/Hero/Hero.framework",
				"${BUILT_PRODUCTS_DIR}/IQKeyboardManagerSwift/IQKeyboardManagerSwift.framework",
				"${BUILT_PRODUCTS_DIR}/KRPullLoader/KRPullLoader.framework",
				"${BUILT_PRODUCTS_DIR}/NVActivityIndicatorView/NVActivityIndicatorView.framework",
				"${BUILT_PRODUCTS_DIR}/NYTPhotoViewer/NYTPhotoViewer.framework",
				"${BUILT_PRODUCTS_DIR}/Popover/Popover.framework",
				"${BUILT_PRODUCTS_DIR}/Protobuf/Protobuf.framework",
				"${BUILT_PRODUCTS_DIR}/SDWebImage/SDWebImage.framework",
				"${BUILT_PRODUCTS_DIR}/Stripe/Stripe.framework",
				"${BUILT_PRODUCTS_DIR}/TagListView/TagListView.framework",
				"${BUILT_PRODUCTS_DIR}/leveldb-library/leveldb.framework",
				"${BUILT_PRODUCTS_DIR}/nanopb/nanopb.framework",
			);
			name = "[CP] Embed Pods Frameworks";
			outputPaths = (
				"${TARGET_BUILD_DIR}/${FRAMEWORKS_FOLDER_PATH}/Alamofire.framework",
				"${TARGET_BUILD_DIR}/${FRAMEWORKS_FOLDER_PATH}/FLAnimatedImage.framework",
				"${TARGET_BUILD_DIR}/${FRAMEWORKS_FOLDER_PATH}/GTMSessionFetcher.framework",
				"${TARGET_BUILD_DIR}/${FRAMEWORKS_FOLDER_PATH}/GoogleToolboxForMac.framework",
				"${TARGET_BUILD_DIR}/${FRAMEWORKS_FOLDER_PATH}/Hero.framework",
				"${TARGET_BUILD_DIR}/${FRAMEWORKS_FOLDER_PATH}/IQKeyboardManagerSwift.framework",
				"${TARGET_BUILD_DIR}/${FRAMEWORKS_FOLDER_PATH}/KRPullLoader.framework",
				"${TARGET_BUILD_DIR}/${FRAMEWORKS_FOLDER_PATH}/NVActivityIndicatorView.framework",
				"${TARGET_BUILD_DIR}/${FRAMEWORKS_FOLDER_PATH}/NYTPhotoViewer.framework",
				"${TARGET_BUILD_DIR}/${FRAMEWORKS_FOLDER_PATH}/Popover.framework",
				"${TARGET_BUILD_DIR}/${FRAMEWORKS_FOLDER_PATH}/Protobuf.framework",
				"${TARGET_BUILD_DIR}/${FRAMEWORKS_FOLDER_PATH}/SDWebImage.framework",
				"${TARGET_BUILD_DIR}/${FRAMEWORKS_FOLDER_PATH}/Stripe.framework",
				"${TARGET_BUILD_DIR}/${FRAMEWORKS_FOLDER_PATH}/TagListView.framework",
				"${TARGET_BUILD_DIR}/${FRAMEWORKS_FOLDER_PATH}/leveldb.framework",
				"${TARGET_BUILD_DIR}/${FRAMEWORKS_FOLDER_PATH}/nanopb.framework",
			);
			runOnlyForDeploymentPostprocessing = 0;
			shellPath = /bin/sh;
			shellScript = "\"${SRCROOT}/Pods/Target Support Files/Pods-Propellers/Pods-Propellers-frameworks.sh\"\n";
			showEnvVarsInLog = 0;
		};
		3CE7DA704AE0A4986D8C0592 /* [CP] Check Pods Manifest.lock */ = {
			isa = PBXShellScriptBuildPhase;
			buildActionMask = 2147483647;
			files = (
			);
			inputPaths = (
				"${PODS_PODFILE_DIR_PATH}/Podfile.lock",
				"${PODS_ROOT}/Manifest.lock",
			);
			name = "[CP] Check Pods Manifest.lock";
			outputPaths = (
				"$(DERIVED_FILE_DIR)/Pods-Propellers-checkManifestLockResult.txt",
			);
			runOnlyForDeploymentPostprocessing = 0;
			shellPath = /bin/sh;
			shellScript = "diff \"${PODS_PODFILE_DIR_PATH}/Podfile.lock\" \"${PODS_ROOT}/Manifest.lock\" > /dev/null\nif [ $? != 0 ] ; then\n    # print error to STDERR\n    echo \"error: The sandbox is not in sync with the Podfile.lock. Run 'pod install' or update your CocoaPods installation.\" >&2\n    exit 1\nfi\n# This output is used by Xcode 'outputs' to avoid re-running this script phase.\necho \"SUCCESS\" > \"${SCRIPT_OUTPUT_FILE_0}\"\n";
			showEnvVarsInLog = 0;
		};
		667DD9EAC041037571B7EA36 /* [CP] Check Pods Manifest.lock */ = {
			isa = PBXShellScriptBuildPhase;
			buildActionMask = 2147483647;
			files = (
			);
			inputPaths = (
				"${PODS_PODFILE_DIR_PATH}/Podfile.lock",
				"${PODS_ROOT}/Manifest.lock",
			);
			name = "[CP] Check Pods Manifest.lock";
			outputPaths = (
				"$(DERIVED_FILE_DIR)/Pods-PropellersUITests-checkManifestLockResult.txt",
			);
			runOnlyForDeploymentPostprocessing = 0;
			shellPath = /bin/sh;
			shellScript = "diff \"${PODS_PODFILE_DIR_PATH}/Podfile.lock\" \"${PODS_ROOT}/Manifest.lock\" > /dev/null\nif [ $? != 0 ] ; then\n    # print error to STDERR\n    echo \"error: The sandbox is not in sync with the Podfile.lock. Run 'pod install' or update your CocoaPods installation.\" >&2\n    exit 1\nfi\n# This output is used by Xcode 'outputs' to avoid re-running this script phase.\necho \"SUCCESS\" > \"${SCRIPT_OUTPUT_FILE_0}\"\n";
			showEnvVarsInLog = 0;
		};
		91319E51E0A095324F3BDB06 /* [CP] Check Pods Manifest.lock */ = {
			isa = PBXShellScriptBuildPhase;
			buildActionMask = 2147483647;
			files = (
			);
			inputPaths = (
				"${PODS_PODFILE_DIR_PATH}/Podfile.lock",
				"${PODS_ROOT}/Manifest.lock",
			);
			name = "[CP] Check Pods Manifest.lock";
			outputPaths = (
				"$(DERIVED_FILE_DIR)/Pods-PropellersTests-checkManifestLockResult.txt",
			);
			runOnlyForDeploymentPostprocessing = 0;
			shellPath = /bin/sh;
			shellScript = "diff \"${PODS_PODFILE_DIR_PATH}/Podfile.lock\" \"${PODS_ROOT}/Manifest.lock\" > /dev/null\nif [ $? != 0 ] ; then\n    # print error to STDERR\n    echo \"error: The sandbox is not in sync with the Podfile.lock. Run 'pod install' or update your CocoaPods installation.\" >&2\n    exit 1\nfi\n# This output is used by Xcode 'outputs' to avoid re-running this script phase.\necho \"SUCCESS\" > \"${SCRIPT_OUTPUT_FILE_0}\"\n";
			showEnvVarsInLog = 0;
		};
		BC77A51B783F2A1EF90A6325 /* [CP] Copy Pods Resources */ = {
			isa = PBXShellScriptBuildPhase;
			buildActionMask = 2147483647;
			files = (
			);
			inputPaths = (
			);
			name = "[CP] Copy Pods Resources";
			outputPaths = (
			);
			runOnlyForDeploymentPostprocessing = 0;
			shellPath = /bin/sh;
			shellScript = "\"${SRCROOT}/Pods/Target Support Files/Pods-Propellers/Pods-Propellers-resources.sh\"\n";
			showEnvVarsInLog = 0;
		};
		C30EDE66ECB3A5C8A5CA7D9F /* [CP] Copy Pods Resources */ = {
			isa = PBXShellScriptBuildPhase;
			buildActionMask = 2147483647;
			files = (
			);
			inputPaths = (
			);
			name = "[CP] Copy Pods Resources";
			outputPaths = (
			);
			runOnlyForDeploymentPostprocessing = 0;
			shellPath = /bin/sh;
			shellScript = "\"${SRCROOT}/Pods/Target Support Files/Pods-PropellersUITests/Pods-PropellersUITests-resources.sh\"\n";
			showEnvVarsInLog = 0;
		};
		C54F2A74A4E46947D79E9DA3 /* [CP] Embed Pods Frameworks */ = {
			isa = PBXShellScriptBuildPhase;
			buildActionMask = 2147483647;
			files = (
			);
			inputPaths = (
				"${SRCROOT}/Pods/Target Support Files/Pods-PropellersUITests/Pods-PropellersUITests-frameworks.sh",
				"${BUILT_PRODUCTS_DIR}/Alamofire/Alamofire.framework",
				"${BUILT_PRODUCTS_DIR}/FLAnimatedImage/FLAnimatedImage.framework",
				"${BUILT_PRODUCTS_DIR}/GTMSessionFetcher/GTMSessionFetcher.framework",
				"${BUILT_PRODUCTS_DIR}/GoogleToolboxForMac/GoogleToolboxForMac.framework",
				"${BUILT_PRODUCTS_DIR}/Hero/Hero.framework",
				"${BUILT_PRODUCTS_DIR}/IQKeyboardManagerSwift/IQKeyboardManagerSwift.framework",
				"${BUILT_PRODUCTS_DIR}/KRPullLoader/KRPullLoader.framework",
				"${BUILT_PRODUCTS_DIR}/NVActivityIndicatorView/NVActivityIndicatorView.framework",
				"${BUILT_PRODUCTS_DIR}/NYTPhotoViewer/NYTPhotoViewer.framework",
				"${BUILT_PRODUCTS_DIR}/Popover/Popover.framework",
				"${BUILT_PRODUCTS_DIR}/Protobuf/Protobuf.framework",
				"${BUILT_PRODUCTS_DIR}/SDWebImage/SDWebImage.framework",
				"${BUILT_PRODUCTS_DIR}/Stripe/Stripe.framework",
				"${BUILT_PRODUCTS_DIR}/TagListView/TagListView.framework",
				"${BUILT_PRODUCTS_DIR}/leveldb-library/leveldb.framework",
				"${BUILT_PRODUCTS_DIR}/nanopb/nanopb.framework",
			);
			name = "[CP] Embed Pods Frameworks";
			outputPaths = (
				"${TARGET_BUILD_DIR}/${FRAMEWORKS_FOLDER_PATH}/Alamofire.framework",
				"${TARGET_BUILD_DIR}/${FRAMEWORKS_FOLDER_PATH}/FLAnimatedImage.framework",
				"${TARGET_BUILD_DIR}/${FRAMEWORKS_FOLDER_PATH}/GTMSessionFetcher.framework",
				"${TARGET_BUILD_DIR}/${FRAMEWORKS_FOLDER_PATH}/GoogleToolboxForMac.framework",
				"${TARGET_BUILD_DIR}/${FRAMEWORKS_FOLDER_PATH}/Hero.framework",
				"${TARGET_BUILD_DIR}/${FRAMEWORKS_FOLDER_PATH}/IQKeyboardManagerSwift.framework",
				"${TARGET_BUILD_DIR}/${FRAMEWORKS_FOLDER_PATH}/KRPullLoader.framework",
				"${TARGET_BUILD_DIR}/${FRAMEWORKS_FOLDER_PATH}/NVActivityIndicatorView.framework",
				"${TARGET_BUILD_DIR}/${FRAMEWORKS_FOLDER_PATH}/NYTPhotoViewer.framework",
				"${TARGET_BUILD_DIR}/${FRAMEWORKS_FOLDER_PATH}/Popover.framework",
				"${TARGET_BUILD_DIR}/${FRAMEWORKS_FOLDER_PATH}/Protobuf.framework",
				"${TARGET_BUILD_DIR}/${FRAMEWORKS_FOLDER_PATH}/SDWebImage.framework",
				"${TARGET_BUILD_DIR}/${FRAMEWORKS_FOLDER_PATH}/Stripe.framework",
				"${TARGET_BUILD_DIR}/${FRAMEWORKS_FOLDER_PATH}/TagListView.framework",
				"${TARGET_BUILD_DIR}/${FRAMEWORKS_FOLDER_PATH}/leveldb.framework",
				"${TARGET_BUILD_DIR}/${FRAMEWORKS_FOLDER_PATH}/nanopb.framework",
			);
			runOnlyForDeploymentPostprocessing = 0;
			shellPath = /bin/sh;
			shellScript = "\"${SRCROOT}/Pods/Target Support Files/Pods-PropellersUITests/Pods-PropellersUITests-frameworks.sh\"\n";
			showEnvVarsInLog = 0;
		};
		F1D77D2098444C2FE51A8AA1 /* [CP] Copy Pods Resources */ = {
			isa = PBXShellScriptBuildPhase;
			buildActionMask = 2147483647;
			files = (
			);
			inputPaths = (
			);
			name = "[CP] Copy Pods Resources";
			outputPaths = (
			);
			runOnlyForDeploymentPostprocessing = 0;
			shellPath = /bin/sh;
			shellScript = "\"${SRCROOT}/Pods/Target Support Files/Pods-PropellersTests/Pods-PropellersTests-resources.sh\"\n";
			showEnvVarsInLog = 0;
		};
		FE5BCD750EF7306E290EAFAA /* [CP] Embed Pods Frameworks */ = {
			isa = PBXShellScriptBuildPhase;
			buildActionMask = 2147483647;
			files = (
			);
			inputPaths = (
				"${SRCROOT}/Pods/Target Support Files/Pods-PropellersTests/Pods-PropellersTests-frameworks.sh",
				"${BUILT_PRODUCTS_DIR}/Alamofire/Alamofire.framework",
				"${BUILT_PRODUCTS_DIR}/FLAnimatedImage/FLAnimatedImage.framework",
				"${BUILT_PRODUCTS_DIR}/GTMSessionFetcher/GTMSessionFetcher.framework",
				"${BUILT_PRODUCTS_DIR}/GoogleToolboxForMac/GoogleToolboxForMac.framework",
				"${BUILT_PRODUCTS_DIR}/Hero/Hero.framework",
				"${BUILT_PRODUCTS_DIR}/IQKeyboardManagerSwift/IQKeyboardManagerSwift.framework",
				"${BUILT_PRODUCTS_DIR}/KRPullLoader/KRPullLoader.framework",
				"${BUILT_PRODUCTS_DIR}/NVActivityIndicatorView/NVActivityIndicatorView.framework",
				"${BUILT_PRODUCTS_DIR}/NYTPhotoViewer/NYTPhotoViewer.framework",
				"${BUILT_PRODUCTS_DIR}/Popover/Popover.framework",
				"${BUILT_PRODUCTS_DIR}/Protobuf/Protobuf.framework",
				"${BUILT_PRODUCTS_DIR}/SDWebImage/SDWebImage.framework",
				"${BUILT_PRODUCTS_DIR}/Stripe/Stripe.framework",
				"${BUILT_PRODUCTS_DIR}/TagListView/TagListView.framework",
				"${BUILT_PRODUCTS_DIR}/leveldb-library/leveldb.framework",
				"${BUILT_PRODUCTS_DIR}/nanopb/nanopb.framework",
			);
			name = "[CP] Embed Pods Frameworks";
			outputPaths = (
				"${TARGET_BUILD_DIR}/${FRAMEWORKS_FOLDER_PATH}/Alamofire.framework",
				"${TARGET_BUILD_DIR}/${FRAMEWORKS_FOLDER_PATH}/FLAnimatedImage.framework",
				"${TARGET_BUILD_DIR}/${FRAMEWORKS_FOLDER_PATH}/GTMSessionFetcher.framework",
				"${TARGET_BUILD_DIR}/${FRAMEWORKS_FOLDER_PATH}/GoogleToolboxForMac.framework",
				"${TARGET_BUILD_DIR}/${FRAMEWORKS_FOLDER_PATH}/Hero.framework",
				"${TARGET_BUILD_DIR}/${FRAMEWORKS_FOLDER_PATH}/IQKeyboardManagerSwift.framework",
				"${TARGET_BUILD_DIR}/${FRAMEWORKS_FOLDER_PATH}/KRPullLoader.framework",
				"${TARGET_BUILD_DIR}/${FRAMEWORKS_FOLDER_PATH}/NVActivityIndicatorView.framework",
				"${TARGET_BUILD_DIR}/${FRAMEWORKS_FOLDER_PATH}/NYTPhotoViewer.framework",
				"${TARGET_BUILD_DIR}/${FRAMEWORKS_FOLDER_PATH}/Popover.framework",
				"${TARGET_BUILD_DIR}/${FRAMEWORKS_FOLDER_PATH}/Protobuf.framework",
				"${TARGET_BUILD_DIR}/${FRAMEWORKS_FOLDER_PATH}/SDWebImage.framework",
				"${TARGET_BUILD_DIR}/${FRAMEWORKS_FOLDER_PATH}/Stripe.framework",
				"${TARGET_BUILD_DIR}/${FRAMEWORKS_FOLDER_PATH}/TagListView.framework",
				"${TARGET_BUILD_DIR}/${FRAMEWORKS_FOLDER_PATH}/leveldb.framework",
				"${TARGET_BUILD_DIR}/${FRAMEWORKS_FOLDER_PATH}/nanopb.framework",
			);
			runOnlyForDeploymentPostprocessing = 0;
			shellPath = /bin/sh;
			shellScript = "\"${SRCROOT}/Pods/Target Support Files/Pods-PropellersTests/Pods-PropellersTests-frameworks.sh\"\n";
			showEnvVarsInLog = 0;
		};
/* End PBXShellScriptBuildPhase section */

/* Begin PBXSourcesBuildPhase section */
		4019CE9E1FA1BDAB00B738B4 /* Sources */ = {
			isa = PBXSourcesBuildPhase;
			buildActionMask = 2147483647;
			files = (
				406F973520EF0D400011BF93 /* CommentsCollectionViewCell.swift in Sources */,
				4019CEF01FA1BF1200B738B4 /* Date+milliseconds.swift in Sources */,
				405A456E1FCCCDD800DCC527 /* FriendsViewController.swift in Sources */,
				405A45871FCD0F5300DCC527 /* UIFont+SizeOfString.swift in Sources */,
				4019CEA81FA1BDAB00B738B4 /* LogInViewController.swift in Sources */,
				40B2B65F202D57C10097E49D /* RoomTableViewCell.swift in Sources */,
				405A457F1FCCD66200DCC527 /* ProfileDetailViewController.swift in Sources */,
				407225F41FB11ED000D2193E /* SettingsViewController.swift in Sources */,
				40A64A7920AE1CBE00983ADE /* PaymentViewController.swift in Sources */,
				40B00443202F9EF900683324 /* ZoomPhoto.swift in Sources */,
				40B0043F202F996F00683324 /* UIViewController+Extra.swift in Sources */,
				40B00441202F9A5400683324 /* Reachability.swift in Sources */,
				13FA67041FBA8E4100A016FE /* GeneralTabBarItem.swift in Sources */,
				4019CEA61FA1BDAB00B738B4 /* AppDelegate.swift in Sources */,
				403E56ED1FA7CD0E00110BB1 /* String+Uppercase.swift in Sources */,
				403E56EF1FA7F2A800110BB1 /* Message.swift in Sources */,
				40A64A7B20AE2C1700983ADE /* StripeAPIClient.swift in Sources */,
				40E59B3B1FA859870069B8B2 /* RoomViewController.swift in Sources */,
				403E56E81FA7C5AF00110BB1 /* SignUpViewController.swift in Sources */,
				405A45851FCCD99D00DCC527 /* Project.swift in Sources */,
				405A45761FCCD0B600DCC527 /* FixedImageNavigationItem.swift in Sources */,
				404F67A320DC978B00D92C0F /* ProImageView.swift in Sources */,
				40B0043D202F990800683324 /* ChatCollectionViewCells.swift in Sources */,
				405A457B1FCCD22A00DCC527 /* ExploreViewController.swift in Sources */,
				40A64A7F20AE2E7A00983ADE /* Constants.swift in Sources */,
				4036FC7620CA2E78004518B1 /* NewsfeedViewController.swift in Sources */,
				405A45831FCCD89E00DCC527 /* UserProfile.swift in Sources */,
				405A45741FCCCF8000DCC527 /* ThemeColor.swift in Sources */,
				404F67A520DC9DC500D92C0F /* DetailViewController.swift in Sources */,
				405F29AE202FABDC0030E19C /* GeneralTabBarViewController.swift in Sources */,
				40B2B661202D57DF0097E49D /* UserCell.swift in Sources */,
				403E56EB1FA7C67E00110BB1 /* NetworkingService.swift in Sources */,
				405A457D1FCCD23000DCC527 /* LogsViewController.swift in Sources */,
				40E661201FB135650086A75A /* Room.swift in Sources */,
				405A45811FCCD75200DCC527 /* UserModel.swift in Sources */,
				40B0043B202F91F700683324 /* NewChatViewController.swift in Sources */,
			);
			runOnlyForDeploymentPostprocessing = 0;
		};
		4019CEB21FA1BDAB00B738B4 /* Sources */ = {
			isa = PBXSourcesBuildPhase;
			buildActionMask = 2147483647;
			files = (
				4019CEBB1FA1BDAB00B738B4 /* PropellersTests.swift in Sources */,
			);
			runOnlyForDeploymentPostprocessing = 0;
		};
		4019CEBD1FA1BDAB00B738B4 /* Sources */ = {
			isa = PBXSourcesBuildPhase;
			buildActionMask = 2147483647;
			files = (
				4019CEC61FA1BDAB00B738B4 /* PropellersUITests.swift in Sources */,
			);
			runOnlyForDeploymentPostprocessing = 0;
		};
/* End PBXSourcesBuildPhase section */

/* Begin PBXTargetDependency section */
		4019CEB81FA1BDAB00B738B4 /* PBXTargetDependency */ = {
			isa = PBXTargetDependency;
			target = 4019CEA11FA1BDAB00B738B4 /* Propellers */;
			targetProxy = 4019CEB71FA1BDAB00B738B4 /* PBXContainerItemProxy */;
		};
		4019CEC31FA1BDAB00B738B4 /* PBXTargetDependency */ = {
			isa = PBXTargetDependency;
			target = 4019CEA11FA1BDAB00B738B4 /* Propellers */;
			targetProxy = 4019CEC21FA1BDAB00B738B4 /* PBXContainerItemProxy */;
		};
/* End PBXTargetDependency section */

/* Begin PBXVariantGroup section */
		4019CEA91FA1BDAB00B738B4 /* Main.storyboard */ = {
			isa = PBXVariantGroup;
			children = (
				4019CEAA1FA1BDAB00B738B4 /* Base */,
			);
			name = Main.storyboard;
			sourceTree = "<group>";
		};
		4019CEAE1FA1BDAB00B738B4 /* LaunchScreen.storyboard */ = {
			isa = PBXVariantGroup;
			children = (
				4019CEAF1FA1BDAB00B738B4 /* Base */,
			);
			name = LaunchScreen.storyboard;
			sourceTree = "<group>";
		};
/* End PBXVariantGroup section */

/* Begin XCBuildConfiguration section */
		4019CEC81FA1BDAB00B738B4 /* Debug */ = {
			isa = XCBuildConfiguration;
			buildSettings = {
				ALWAYS_SEARCH_USER_PATHS = NO;
				CLANG_ANALYZER_NONNULL = YES;
				CLANG_ANALYZER_NUMBER_OBJECT_CONVERSION = YES_AGGRESSIVE;
				CLANG_CXX_LANGUAGE_STANDARD = "gnu++14";
				CLANG_CXX_LIBRARY = "libc++";
				CLANG_ENABLE_MODULES = YES;
				CLANG_ENABLE_OBJC_ARC = YES;
				CLANG_WARN_BLOCK_CAPTURE_AUTORELEASING = YES;
				CLANG_WARN_BOOL_CONVERSION = YES;
				CLANG_WARN_COMMA = YES;
				CLANG_WARN_CONSTANT_CONVERSION = YES;
				CLANG_WARN_DIRECT_OBJC_ISA_USAGE = YES_ERROR;
				CLANG_WARN_DOCUMENTATION_COMMENTS = YES;
				CLANG_WARN_EMPTY_BODY = YES;
				CLANG_WARN_ENUM_CONVERSION = YES;
				CLANG_WARN_INFINITE_RECURSION = YES;
				CLANG_WARN_INT_CONVERSION = YES;
				CLANG_WARN_NON_LITERAL_NULL_CONVERSION = YES;
				CLANG_WARN_OBJC_LITERAL_CONVERSION = YES;
				CLANG_WARN_OBJC_ROOT_CLASS = YES_ERROR;
				CLANG_WARN_RANGE_LOOP_ANALYSIS = YES;
				CLANG_WARN_STRICT_PROTOTYPES = YES;
				CLANG_WARN_SUSPICIOUS_MOVE = YES;
				CLANG_WARN_UNGUARDED_AVAILABILITY = YES_AGGRESSIVE;
				CLANG_WARN_UNREACHABLE_CODE = YES;
				CLANG_WARN__DUPLICATE_METHOD_MATCH = YES;
				CODE_SIGN_IDENTITY = "iPhone Developer";
				COPY_PHASE_STRIP = NO;
				DEBUG_INFORMATION_FORMAT = dwarf;
				ENABLE_STRICT_OBJC_MSGSEND = YES;
				ENABLE_TESTABILITY = YES;
				GCC_C_LANGUAGE_STANDARD = gnu11;
				GCC_DYNAMIC_NO_PIC = NO;
				GCC_NO_COMMON_BLOCKS = YES;
				GCC_OPTIMIZATION_LEVEL = 0;
				GCC_PREPROCESSOR_DEFINITIONS = (
					"DEBUG=1",
					"$(inherited)",
				);
				GCC_WARN_64_TO_32_BIT_CONVERSION = YES;
				GCC_WARN_ABOUT_RETURN_TYPE = YES_ERROR;
				GCC_WARN_UNDECLARED_SELECTOR = YES;
				GCC_WARN_UNINITIALIZED_AUTOS = YES_AGGRESSIVE;
				GCC_WARN_UNUSED_FUNCTION = YES;
				GCC_WARN_UNUSED_VARIABLE = YES;
				IPHONEOS_DEPLOYMENT_TARGET = 11.0;
				MTL_ENABLE_DEBUG_INFO = YES;
				ONLY_ACTIVE_ARCH = YES;
				SDKROOT = iphoneos;
				SWIFT_ACTIVE_COMPILATION_CONDITIONS = DEBUG;
				SWIFT_OPTIMIZATION_LEVEL = "-Onone";
			};
			name = Debug;
		};
		4019CEC91FA1BDAB00B738B4 /* Release */ = {
			isa = XCBuildConfiguration;
			buildSettings = {
				ALWAYS_SEARCH_USER_PATHS = NO;
				CLANG_ANALYZER_NONNULL = YES;
				CLANG_ANALYZER_NUMBER_OBJECT_CONVERSION = YES_AGGRESSIVE;
				CLANG_CXX_LANGUAGE_STANDARD = "gnu++14";
				CLANG_CXX_LIBRARY = "libc++";
				CLANG_ENABLE_MODULES = YES;
				CLANG_ENABLE_OBJC_ARC = YES;
				CLANG_WARN_BLOCK_CAPTURE_AUTORELEASING = YES;
				CLANG_WARN_BOOL_CONVERSION = YES;
				CLANG_WARN_COMMA = YES;
				CLANG_WARN_CONSTANT_CONVERSION = YES;
				CLANG_WARN_DIRECT_OBJC_ISA_USAGE = YES_ERROR;
				CLANG_WARN_DOCUMENTATION_COMMENTS = YES;
				CLANG_WARN_EMPTY_BODY = YES;
				CLANG_WARN_ENUM_CONVERSION = YES;
				CLANG_WARN_INFINITE_RECURSION = YES;
				CLANG_WARN_INT_CONVERSION = YES;
				CLANG_WARN_NON_LITERAL_NULL_CONVERSION = YES;
				CLANG_WARN_OBJC_LITERAL_CONVERSION = YES;
				CLANG_WARN_OBJC_ROOT_CLASS = YES_ERROR;
				CLANG_WARN_RANGE_LOOP_ANALYSIS = YES;
				CLANG_WARN_STRICT_PROTOTYPES = YES;
				CLANG_WARN_SUSPICIOUS_MOVE = YES;
				CLANG_WARN_UNGUARDED_AVAILABILITY = YES_AGGRESSIVE;
				CLANG_WARN_UNREACHABLE_CODE = YES;
				CLANG_WARN__DUPLICATE_METHOD_MATCH = YES;
				CODE_SIGN_IDENTITY = "iPhone Developer";
				COPY_PHASE_STRIP = NO;
				DEBUG_INFORMATION_FORMAT = "dwarf-with-dsym";
				ENABLE_NS_ASSERTIONS = NO;
				ENABLE_STRICT_OBJC_MSGSEND = YES;
				GCC_C_LANGUAGE_STANDARD = gnu11;
				GCC_NO_COMMON_BLOCKS = YES;
				GCC_WARN_64_TO_32_BIT_CONVERSION = YES;
				GCC_WARN_ABOUT_RETURN_TYPE = YES_ERROR;
				GCC_WARN_UNDECLARED_SELECTOR = YES;
				GCC_WARN_UNINITIALIZED_AUTOS = YES_AGGRESSIVE;
				GCC_WARN_UNUSED_FUNCTION = YES;
				GCC_WARN_UNUSED_VARIABLE = YES;
				IPHONEOS_DEPLOYMENT_TARGET = 11.0;
				MTL_ENABLE_DEBUG_INFO = NO;
				SDKROOT = iphoneos;
				SWIFT_OPTIMIZATION_LEVEL = "-Owholemodule";
				VALIDATE_PRODUCT = YES;
			};
			name = Release;
		};
		4019CECB1FA1BDAB00B738B4 /* Debug */ = {
			isa = XCBuildConfiguration;
			baseConfigurationReference = ED7BA3D923CA3329229B684E /* Pods-Propellers.debug.xcconfig */;
			buildSettings = {
				ASSETCATALOG_COMPILER_APPICON_NAME = AppIcon;
				CODE_SIGN_STYLE = Automatic;
				DEVELOPMENT_TEAM = U43R3UYB5A;
				FRAMEWORK_SEARCH_PATHS = (
					"$(inherited)",
					"$(PROJECT_DIR)",
				);
				INFOPLIST_FILE = "$(SRCROOT)/Propellers/Supporting Files/Info.plist";
				IPHONEOS_DEPLOYMENT_TARGET = 10.0;
				LD_RUNPATH_SEARCH_PATHS = "$(inherited) @executable_path/Frameworks";
				PRODUCT_BUNDLE_IDENTIFIER = com.jeffeom.Propellers;
				PRODUCT_NAME = "$(TARGET_NAME)";
				SWIFT_VERSION = 4.0;
				TARGETED_DEVICE_FAMILY = 1;
			};
			name = Debug;
		};
		4019CECC1FA1BDAB00B738B4 /* Release */ = {
			isa = XCBuildConfiguration;
			baseConfigurationReference = 2E8CABF75A3B59255EA4CA07 /* Pods-Propellers.release.xcconfig */;
			buildSettings = {
				ASSETCATALOG_COMPILER_APPICON_NAME = AppIcon;
				CODE_SIGN_STYLE = Automatic;
				DEVELOPMENT_TEAM = U43R3UYB5A;
				FRAMEWORK_SEARCH_PATHS = (
					"$(inherited)",
					"$(PROJECT_DIR)",
				);
				INFOPLIST_FILE = "$(SRCROOT)/Propellers/Supporting Files/Info.plist";
				IPHONEOS_DEPLOYMENT_TARGET = 10.0;
				LD_RUNPATH_SEARCH_PATHS = "$(inherited) @executable_path/Frameworks";
				PRODUCT_BUNDLE_IDENTIFIER = com.jeffeom.Propellers;
				PRODUCT_NAME = "$(TARGET_NAME)";
				SWIFT_VERSION = 4.0;
				TARGETED_DEVICE_FAMILY = 1;
			};
			name = Release;
		};
		4019CECE1FA1BDAB00B738B4 /* Debug */ = {
			isa = XCBuildConfiguration;
			baseConfigurationReference = 88C68C98524430A616B6248F /* Pods-PropellersTests.debug.xcconfig */;
			buildSettings = {
				ALWAYS_EMBED_SWIFT_STANDARD_LIBRARIES = YES;
				BUNDLE_LOADER = "$(TEST_HOST)";
				CODE_SIGN_STYLE = Automatic;
				DEVELOPMENT_TEAM = U43R3UYB5A;
				INFOPLIST_FILE = PropellersTests/Info.plist;
				LD_RUNPATH_SEARCH_PATHS = "$(inherited) @executable_path/Frameworks @loader_path/Frameworks";
				PRODUCT_BUNDLE_IDENTIFIER = com.jeffeom.PropellersTests;
				PRODUCT_NAME = "$(TARGET_NAME)";
				SWIFT_VERSION = 4.0;
				TARGETED_DEVICE_FAMILY = "1,2";
				TEST_HOST = "$(BUILT_PRODUCTS_DIR)/Propellers.app/Propellers";
			};
			name = Debug;
		};
		4019CECF1FA1BDAB00B738B4 /* Release */ = {
			isa = XCBuildConfiguration;
			baseConfigurationReference = 2C38738F7DFEE7C95D0F2D49 /* Pods-PropellersTests.release.xcconfig */;
			buildSettings = {
				ALWAYS_EMBED_SWIFT_STANDARD_LIBRARIES = YES;
				BUNDLE_LOADER = "$(TEST_HOST)";
				CODE_SIGN_STYLE = Automatic;
				DEVELOPMENT_TEAM = U43R3UYB5A;
				INFOPLIST_FILE = PropellersTests/Info.plist;
				LD_RUNPATH_SEARCH_PATHS = "$(inherited) @executable_path/Frameworks @loader_path/Frameworks";
				PRODUCT_BUNDLE_IDENTIFIER = com.jeffeom.PropellersTests;
				PRODUCT_NAME = "$(TARGET_NAME)";
				SWIFT_VERSION = 4.0;
				TARGETED_DEVICE_FAMILY = "1,2";
				TEST_HOST = "$(BUILT_PRODUCTS_DIR)/Propellers.app/Propellers";
			};
			name = Release;
		};
		4019CED11FA1BDAB00B738B4 /* Debug */ = {
			isa = XCBuildConfiguration;
			baseConfigurationReference = 7703AA096D6ED47B499A1D49 /* Pods-PropellersUITests.debug.xcconfig */;
			buildSettings = {
				ALWAYS_EMBED_SWIFT_STANDARD_LIBRARIES = YES;
				CODE_SIGN_STYLE = Automatic;
				DEVELOPMENT_TEAM = U43R3UYB5A;
				INFOPLIST_FILE = PropellersUITests/Info.plist;
				LD_RUNPATH_SEARCH_PATHS = "$(inherited) @executable_path/Frameworks @loader_path/Frameworks";
				PRODUCT_BUNDLE_IDENTIFIER = com.jeffeom.PropellersUITests;
				PRODUCT_NAME = "$(TARGET_NAME)";
				SWIFT_VERSION = 4.0;
				TARGETED_DEVICE_FAMILY = "1,2";
				TEST_TARGET_NAME = Propellers;
			};
			name = Debug;
		};
		4019CED21FA1BDAB00B738B4 /* Release */ = {
			isa = XCBuildConfiguration;
			baseConfigurationReference = C78E1D07B92AD600F968CCFB /* Pods-PropellersUITests.release.xcconfig */;
			buildSettings = {
				ALWAYS_EMBED_SWIFT_STANDARD_LIBRARIES = YES;
				CODE_SIGN_STYLE = Automatic;
				DEVELOPMENT_TEAM = U43R3UYB5A;
				INFOPLIST_FILE = PropellersUITests/Info.plist;
				LD_RUNPATH_SEARCH_PATHS = "$(inherited) @executable_path/Frameworks @loader_path/Frameworks";
				PRODUCT_BUNDLE_IDENTIFIER = com.jeffeom.PropellersUITests;
				PRODUCT_NAME = "$(TARGET_NAME)";
				SWIFT_VERSION = 4.0;
				TARGETED_DEVICE_FAMILY = "1,2";
				TEST_TARGET_NAME = Propellers;
			};
			name = Release;
		};
/* End XCBuildConfiguration section */

/* Begin XCConfigurationList section */
		4019CE9D1FA1BDAB00B738B4 /* Build configuration list for PBXProject "Propellers" */ = {
			isa = XCConfigurationList;
			buildConfigurations = (
				4019CEC81FA1BDAB00B738B4 /* Debug */,
				4019CEC91FA1BDAB00B738B4 /* Release */,
			);
			defaultConfigurationIsVisible = 0;
			defaultConfigurationName = Release;
		};
		4019CECA1FA1BDAB00B738B4 /* Build configuration list for PBXNativeTarget "Propellers" */ = {
			isa = XCConfigurationList;
			buildConfigurations = (
				4019CECB1FA1BDAB00B738B4 /* Debug */,
				4019CECC1FA1BDAB00B738B4 /* Release */,
			);
			defaultConfigurationIsVisible = 0;
			defaultConfigurationName = Release;
		};
		4019CECD1FA1BDAB00B738B4 /* Build configuration list for PBXNativeTarget "PropellersTests" */ = {
			isa = XCConfigurationList;
			buildConfigurations = (
				4019CECE1FA1BDAB00B738B4 /* Debug */,
				4019CECF1FA1BDAB00B738B4 /* Release */,
			);
			defaultConfigurationIsVisible = 0;
			defaultConfigurationName = Release;
		};
		4019CED01FA1BDAB00B738B4 /* Build configuration list for PBXNativeTarget "PropellersUITests" */ = {
			isa = XCConfigurationList;
			buildConfigurations = (
				4019CED11FA1BDAB00B738B4 /* Debug */,
				4019CED21FA1BDAB00B738B4 /* Release */,
			);
			defaultConfigurationIsVisible = 0;
			defaultConfigurationName = Release;
		};
/* End XCConfigurationList section */
	};
	rootObject = 4019CE9A1FA1BDAB00B738B4 /* Project object */;
}
